// !$*UTF8*$!
{
	archiveVersion = 1;
	classes = {
	};
	objectVersion = 52;
	objects = {

/* Begin PBXBuildFile section */
		8F066516257B20AA000578C6 /* SimpleView.swift in Sources */ = {isa = PBXBuildFile; fileRef = 8F066515257B20A9000578C6 /* SimpleView.swift */; };
		8F070C7525872E790087614E /* AttributionView.swift in Sources */ = {isa = PBXBuildFile; fileRef = 8F070C7425872E790087614E /* AttributionView.swift */; };
		8F0D8AD92518D02500058A46 /* KeyboardDetector.swift in Sources */ = {isa = PBXBuildFile; fileRef = 8F0D8AD82518D02400058A46 /* KeyboardDetector.swift */; };
		8F11A20225B9A19A0021E82D /* InboxView.swift in Sources */ = {isa = PBXBuildFile; fileRef = 8F11A20125B9A19A0021E82D /* InboxView.swift */; };
		8F12B5D425C791E80011749A /* AnnouncementView.swift in Sources */ = {isa = PBXBuildFile; fileRef = 8F12B5D325C791E80011749A /* AnnouncementView.swift */; };
		8F12B65D25CA2E130011749A /* CommentPreviewView.swift in Sources */ = {isa = PBXBuildFile; fileRef = 8F12B65C25CA2E130011749A /* CommentPreviewView.swift */; };
		8F12B66225CA30710011749A /* BytePreviewView.swift in Sources */ = {isa = PBXBuildFile; fileRef = 8F12B66125CA30710011749A /* BytePreviewView.swift */; };
		8F14BF752587159700D3ADB8 /* chat.json in Resources */ = {isa = PBXBuildFile; fileRef = 8F14BF742587159700D3ADB8 /* chat.json */; };
		8F18F4F724E0753700D9E524 /* ImagePickerView.swift in Sources */ = {isa = PBXBuildFile; fileRef = 8F18F4F624E0753700D9E524 /* ImagePickerView.swift */; };
		8F1B5FAD254F99C4009C402B /* SlidingTabView.swift in Sources */ = {isa = PBXBuildFile; fileRef = 8F1B5FAC254F99C4009C402B /* SlidingTabView.swift */; };
		8F1B5FB5254FB752009C402B /* BigImageView.swift in Sources */ = {isa = PBXBuildFile; fileRef = 8F1B5FB4254FB752009C402B /* BigImageView.swift */; };
		8F1B5FBD254FD2A1009C402B /* UserProfileView.swift in Sources */ = {isa = PBXBuildFile; fileRef = 8F1B5FBC254FD2A1009C402B /* UserProfileView.swift */; };
		8F1C4A4A25CD74A600156A34 /* InfiniteScrollView.swift in Sources */ = {isa = PBXBuildFile; fileRef = 8F1C4A4925CD74A600156A34 /* InfiniteScrollView.swift */; };
		8F26E3BB25CD9B7200EE4CB1 /* BackButton.swift in Sources */ = {isa = PBXBuildFile; fileRef = 8F26E3BA25CD9B7200EE4CB1 /* BackButton.swift */; };
		8F26E3C025CD9BD700EE4CB1 /* ColoredButton.swift in Sources */ = {isa = PBXBuildFile; fileRef = 8F26E3BF25CD9BD700EE4CB1 /* ColoredButton.swift */; };
		8F26E3CB25CD9C2700EE4CB1 /* FloatingActionButton.swift in Sources */ = {isa = PBXBuildFile; fileRef = 8F26E3CA25CD9C2700EE4CB1 /* FloatingActionButton.swift */; };
		8F2BFF8624F18E8F00F87BB8 /* AdmobNativeAds.swift in Sources */ = {isa = PBXBuildFile; fileRef = 8F2BFF8524F18E8F00F87BB8 /* AdmobNativeAds.swift */; };
		8F32877B2565810A00F2DE15 /* ByteLikesView.swift in Sources */ = {isa = PBXBuildFile; fileRef = 8F3287752565810A00F2DE15 /* ByteLikesView.swift */; };
		8F32877D2565810A00F2DE15 /* BytesView.swift in Sources */ = {isa = PBXBuildFile; fileRef = 8F3287772565810A00F2DE15 /* BytesView.swift */; };
		8F32877E2565810A00F2DE15 /* ByteWriteView.swift in Sources */ = {isa = PBXBuildFile; fileRef = 8F3287782565810A00F2DE15 /* ByteWriteView.swift */; };
		8F32AE3B257D9F7C00609DD1 /* ConfirmationView.swift in Sources */ = {isa = PBXBuildFile; fileRef = 8F32AE3A257D9F7C00609DD1 /* ConfirmationView.swift */; };
		8F38763D25BF933300DBEB22 /* BytesFilterView.swift in Sources */ = {isa = PBXBuildFile; fileRef = 8F38763C25BF933300DBEB22 /* BytesFilterView.swift */; };
		8F39287E25598C1D00E0BCA8 /* UsersGADTSmallTemplateView.m in Sources */ = {isa = PBXBuildFile; fileRef = 8F39287425598C1D00E0BCA8 /* UsersGADTSmallTemplateView.m */; };
		8F39287F25598C1D00E0BCA8 /* UsersGADTSmallTemplateView.xib in Resources */ = {isa = PBXBuildFile; fileRef = 8F39287525598C1D00E0BCA8 /* UsersGADTSmallTemplateView.xib */; };
		8F39288025598C1D00E0BCA8 /* UsersGADTTemplateView.m in Sources */ = {isa = PBXBuildFile; fileRef = 8F39287725598C1D00E0BCA8 /* UsersGADTTemplateView.m */; };
		8F39288125598C1D00E0BCA8 /* BytesGADTSmallTemplateView.m in Sources */ = {isa = PBXBuildFile; fileRef = 8F39287A25598C1D00E0BCA8 /* BytesGADTSmallTemplateView.m */; };
		8F39288225598C1D00E0BCA8 /* BytesGADTSmallTemplateView.xib in Resources */ = {isa = PBXBuildFile; fileRef = 8F39287B25598C1D00E0BCA8 /* BytesGADTSmallTemplateView.xib */; };
		8F39288325598C1D00E0BCA8 /* BytesGADTTemplateView.m in Sources */ = {isa = PBXBuildFile; fileRef = 8F39287D25598C1D00E0BCA8 /* BytesGADTTemplateView.m */; };
		8F41765525B67F4D00FDE0A3 /* CommentHeartView.swift in Sources */ = {isa = PBXBuildFile; fileRef = 8F41765425B67F4D00FDE0A3 /* CommentHeartView.swift */; };
		8F41765A25B681C400FDE0A3 /* CommentLikesView.swift in Sources */ = {isa = PBXBuildFile; fileRef = 8F41765925B681C400FDE0A3 /* CommentLikesView.swift */; };
		8F42243C25AE6ECC00E0AE13 /* CommentWriteView.swift in Sources */ = {isa = PBXBuildFile; fileRef = 8F42243B25AE6ECC00E0AE13 /* CommentWriteView.swift */; };
		8F431A682561BB4E00566967 /* BuddiesFilterAgeView.swift in Sources */ = {isa = PBXBuildFile; fileRef = 8F431A672561BB4E00566967 /* BuddiesFilterAgeView.swift */; };
		8F4AB39F25CD9E6F003071A9 /* InterestsButtonDisabledView.swift in Sources */ = {isa = PBXBuildFile; fileRef = 8F4AB39E25CD9E6F003071A9 /* InterestsButtonDisabledView.swift */; };
		8F5B2B07255B837F0045599C /* TagsView.swift in Sources */ = {isa = PBXBuildFile; fileRef = 8F5B2B06255B837F0045599C /* TagsView.swift */; };
		8F5B2B0F255BBAC70045599C /* InterestsView.swift in Sources */ = {isa = PBXBuildFile; fileRef = 8F5B2B0E255BBAC60045599C /* InterestsView.swift */; };
		8F6211C4255DC18200D55B50 /* WelcomeView.swift in Sources */ = {isa = PBXBuildFile; fileRef = 8F6211C3255DC18200D55B50 /* WelcomeView.swift */; };
		8F621934253AF1F600D4AFAB /* NavigationLinkNoArrow.swift in Sources */ = {isa = PBXBuildFile; fileRef = 8F621933253AF1F600D4AFAB /* NavigationLinkNoArrow.swift */; };
		8F769D242562119F00351A3A /* BetterTextEditor.swift in Sources */ = {isa = PBXBuildFile; fileRef = 8F769D232562119E00351A3A /* BetterTextEditor.swift */; };
		8F7AB24425C768CA00A2A236 /* FirebaseCrashlytics in Frameworks */ = {isa = PBXBuildFile; productRef = 8F7AB24325C768CA00A2A236 /* FirebaseCrashlytics */; };
		8F7C9695257382C700788E7B /* TruncatedText.swift in Sources */ = {isa = PBXBuildFile; fileRef = 8F7C9694257382C700788E7B /* TruncatedText.swift */; };
		8F7F166F257B8D1200AECE6F /* noData.json in Resources */ = {isa = PBXBuildFile; fileRef = 8F7F166E257B8D1200AECE6F /* noData.json */; };
		8F7F1697257B92F700AECE6F /* team.json in Resources */ = {isa = PBXBuildFile; fileRef = 8F7F1696257B92F700AECE6F /* team.json */; };
		8F85F80E256EA41C00FE8348 /* AccountView.swift in Sources */ = {isa = PBXBuildFile; fileRef = 8F85F80D256EA41C00FE8348 /* AccountView.swift */; };
		8F85F819256EABC800FE8348 /* AboutView.swift in Sources */ = {isa = PBXBuildFile; fileRef = 8F85F818256EABC800FE8348 /* AboutView.swift */; };
		8F8F2B482527366E00F76A55 /* MaintenanceView.swift in Sources */ = {isa = PBXBuildFile; fileRef = 8F8F2B472527366E00F76A55 /* MaintenanceView.swift */; };
		8F933498255FC3E600837848 /* ActivityIndicatorView.swift in Sources */ = {isa = PBXBuildFile; fileRef = 8F933497255FC3E600837848 /* ActivityIndicatorView.swift */; };
		8F9BC4402565568700206650 /* DeleteAccountView.swift in Sources */ = {isa = PBXBuildFile; fileRef = 8F9BC43F2565568700206650 /* DeleteAccountView.swift */; };
		8F9F48D7257C230B00A85457 /* sendEmail.json in Resources */ = {isa = PBXBuildFile; fileRef = 8F9F48D6257C230B00A85457 /* sendEmail.json */; };
		8F9F48DF257C326700A85457 /* openEmail.json in Resources */ = {isa = PBXBuildFile; fileRef = 8F9F48DE257C326700A85457 /* openEmail.json */; };
		8FA9A11C25558C620035FE84 /* FirebaseAnalytics in Frameworks */ = {isa = PBXBuildFile; productRef = 8FA9A11B25558C620035FE84 /* FirebaseAnalytics */; };
		8FA9A12025558C620035FE84 /* FirebaseMessaging in Frameworks */ = {isa = PBXBuildFile; productRef = 8FA9A11F25558C620035FE84 /* FirebaseMessaging */; };
		8FA9A12225558C620035FE84 /* FirebaseAuth in Frameworks */ = {isa = PBXBuildFile; productRef = 8FA9A12125558C620035FE84 /* FirebaseAuth */; };
		8FA9A12425558C620035FE84 /* FirebaseFirestore in Frameworks */ = {isa = PBXBuildFile; productRef = 8FA9A12325558C620035FE84 /* FirebaseFirestore */; };
		8FA9A12A25558EF90035FE84 /* TrueTime in Frameworks */ = {isa = PBXBuildFile; productRef = 8FA9A12925558EF90035FE84 /* TrueTime */; };
		8FA9A13625558FFA0035FE84 /* Introspect in Frameworks */ = {isa = PBXBuildFile; productRef = 8FA9A13525558FFA0035FE84 /* Introspect */; };
		8FBD011E25D3D0DD005F42F7 /* RadioButton.swift in Sources */ = {isa = PBXBuildFile; fileRef = 8FBD011D25D3D0DD005F42F7 /* RadioButton.swift */; };
		8FBD4AC2252828F300D0DDCA /* TabsView.swift in Sources */ = {isa = PBXBuildFile; fileRef = 8FBD4AC1252828F300D0DDCA /* TabsView.swift */; };
		8FC057C724E972080058AA63 /* ReportView.swift in Sources */ = {isa = PBXBuildFile; fileRef = 8FC057C624E972080058AA63 /* ReportView.swift */; };
		8FC0F3B52559387500298B0F /* TypeEmailView.swift in Sources */ = {isa = PBXBuildFile; fileRef = 8FC0F3B42559387500298B0F /* TypeEmailView.swift */; };
		8FC0F3BD255938A200298B0F /* EmailConfirmationView.swift in Sources */ = {isa = PBXBuildFile; fileRef = 8FC0F3BC255938A200298B0F /* EmailConfirmationView.swift */; };
		8FC6A95A24C7BB50001FB6E0 /* csBuddies.xcdatamodeld in Sources */ = {isa = PBXBuildFile; fileRef = 8FC6A95824C7BB50001FB6E0 /* csBuddies.xcdatamodeld */; };
		8FC6A95E24C7BB54001FB6E0 /* Assets.xcassets in Resources */ = {isa = PBXBuildFile; fileRef = 8FC6A95D24C7BB54001FB6E0 /* Assets.xcassets */; };
		8FC6A96124C7BB54001FB6E0 /* Preview Assets.xcassets in Resources */ = {isa = PBXBuildFile; fileRef = 8FC6A96024C7BB54001FB6E0 /* Preview Assets.xcassets */; };
		8FC6A96424C7BB54001FB6E0 /* LaunchScreen.storyboard in Resources */ = {isa = PBXBuildFile; fileRef = 8FC6A96224C7BB54001FB6E0 /* LaunchScreen.storyboard */; };
		8FC6A96F24C7BB54001FB6E0 /* csBuddiesTests.swift in Sources */ = {isa = PBXBuildFile; fileRef = 8FC6A96E24C7BB54001FB6E0 /* csBuddiesTests.swift */; };
		8FC6A97A24C7BB54001FB6E0 /* csBuddiesUITests.swift in Sources */ = {isa = PBXBuildFile; fileRef = 8FC6A97924C7BB54001FB6E0 /* csBuddiesUITests.swift */; };
		8FC6A9C924C7CD80001FB6E0 /* ProfileEditView.swift in Sources */ = {isa = PBXBuildFile; fileRef = 8FC6A98C24C7CD80001FB6E0 /* ProfileEditView.swift */; };
		8FC6A9CA24C7CD80001FB6E0 /* ProfileView.swift in Sources */ = {isa = PBXBuildFile; fileRef = 8FC6A98D24C7CD80001FB6E0 /* ProfileView.swift */; };
		8FC6A9CC24C7CD80001FB6E0 /* BuddiesFilterView.swift in Sources */ = {isa = PBXBuildFile; fileRef = 8FC6A99024C7CD80001FB6E0 /* BuddiesFilterView.swift */; };
		8FC6A9CE24C7CD80001FB6E0 /* UserPreviewView.swift in Sources */ = {isa = PBXBuildFile; fileRef = 8FC6A99224C7CD80001FB6E0 /* UserPreviewView.swift */; };
		8FC6A9CF24C7CD80001FB6E0 /* UserView.swift in Sources */ = {isa = PBXBuildFile; fileRef = 8FC6A99324C7CD80001FB6E0 /* UserView.swift */; };
		8FC6A9D024C7CD80001FB6E0 /* BuddiesView.swift in Sources */ = {isa = PBXBuildFile; fileRef = 8FC6A99424C7CD80001FB6E0 /* BuddiesView.swift */; };
		8FC6A9D224C7CD80001FB6E0 /* LoadingView.swift in Sources */ = {isa = PBXBuildFile; fileRef = 8FC6A99724C7CD80001FB6E0 /* LoadingView.swift */; };
		8FC6A9D324C7CD80001FB6E0 /* UpdateView.swift in Sources */ = {isa = PBXBuildFile; fileRef = 8FC6A99824C7CD80001FB6E0 /* UpdateView.swift */; };
		8FC6A9D424C7CD80001FB6E0 /* SetInterestsView.swift in Sources */ = {isa = PBXBuildFile; fileRef = 8FC6A99924C7CD80001FB6E0 /* SetInterestsView.swift */; };
		8FC6A9D524C7CD80001FB6E0 /* SetProfileView.swift in Sources */ = {isa = PBXBuildFile; fileRef = 8FC6A99A24C7CD80001FB6E0 /* SetProfileView.swift */; };
		8FC6A9D624C7CD80001FB6E0 /* TypeIntroView.swift in Sources */ = {isa = PBXBuildFile; fileRef = 8FC6A99B24C7CD80001FB6E0 /* TypeIntroView.swift */; };
		8FC6A9D724C7CD80001FB6E0 /* AppView.swift in Sources */ = {isa = PBXBuildFile; fileRef = 8FC6A99C24C7CD80001FB6E0 /* AppView.swift */; };
		8FC6A9D824C7CD80001FB6E0 /* AppDelegate.swift in Sources */ = {isa = PBXBuildFile; fileRef = 8FC6A99D24C7CD80001FB6E0 /* AppDelegate.swift */; };
		8FC6A9D924C7CD80001FB6E0 /* MessageInputView.swift in Sources */ = {isa = PBXBuildFile; fileRef = 8FC6A99F24C7CD80001FB6E0 /* MessageInputView.swift */; };
		8FC6A9DA24C7CD80001FB6E0 /* ChatRoomPreviewView.swift in Sources */ = {isa = PBXBuildFile; fileRef = 8FC6A9A024C7CD80001FB6E0 /* ChatRoomPreviewView.swift */; };
		8FC6A9DB24C7CD80001FB6E0 /* MessageListView.swift in Sources */ = {isa = PBXBuildFile; fileRef = 8FC6A9A124C7CD80001FB6E0 /* MessageListView.swift */; };
		8FC6A9DE24C7CD80001FB6E0 /* MessageView.swift in Sources */ = {isa = PBXBuildFile; fileRef = 8FC6A9A424C7CD80001FB6E0 /* MessageView.swift */; };
		8FC6A9DF24C7CD80001FB6E0 /* ChatRoomView.swift in Sources */ = {isa = PBXBuildFile; fileRef = 8FC6A9A524C7CD80001FB6E0 /* ChatRoomView.swift */; };
		8FC6A9E024C7CD80001FB6E0 /* ChatView.swift in Sources */ = {isa = PBXBuildFile; fileRef = 8FC6A9A624C7CD80001FB6E0 /* ChatView.swift */; };
		8FC6A9E124C7CD80001FB6E0 /* Global.swift in Sources */ = {isa = PBXBuildFile; fileRef = 8FC6A9A724C7CD80001FB6E0 /* Global.swift */; };
		8FC6A9F624C7CD81001FB6E0 /* NavigationLinkBorderless.swift in Sources */ = {isa = PBXBuildFile; fileRef = 8FC6A9C324C7CD80001FB6E0 /* NavigationLinkBorderless.swift */; };
		8FC6A9F724C7CD81001FB6E0 /* WebView.swift in Sources */ = {isa = PBXBuildFile; fileRef = 8FC6A9C424C7CD80001FB6E0 /* WebView.swift */; };
		8FC6A9F824C7CD81001FB6E0 /* BlockedUsersView.swift in Sources */ = {isa = PBXBuildFile; fileRef = 8FC6A9C624C7CD80001FB6E0 /* BlockedUsersView.swift */; };
		8FC6A9F924C7CD81001FB6E0 /* SettingsView.swift in Sources */ = {isa = PBXBuildFile; fileRef = 8FC6A9C724C7CD80001FB6E0 /* SettingsView.swift */; };
		8FC702FD257C70AC00D5641B /* Refresh.swift in Sources */ = {isa = PBXBuildFile; fileRef = 8FC702FC257C70AC00D5641B /* Refresh.swift */; };
		8FC8689E25BD580C00957332 /* NotificationView.swift in Sources */ = {isa = PBXBuildFile; fileRef = 8FC8689D25BD580C00957332 /* NotificationView.swift */; };
		8FC9921525B2C9DF00EFBF1B /* ByteHeartView.swift in Sources */ = {isa = PBXBuildFile; fileRef = 8FC9921425B2C9DF00EFBF1B /* ByteHeartView.swift */; };
		8FCFB8F3255D464200999FA8 /* StepperView in Frameworks */ = {isa = PBXBuildFile; productRef = 8FCFB8F2255D464200999FA8 /* StepperView */; };
		8FCFB900255D499700999FA8 /* GoogleMobileAds.xcframework in Frameworks */ = {isa = PBXBuildFile; fileRef = 8FCFB8FF255D499700999FA8 /* GoogleMobileAds.xcframework */; };
		8FCFB905255D598700999FA8 /* JoinStepper.swift in Sources */ = {isa = PBXBuildFile; fileRef = 8FCFB904255D598700999FA8 /* JoinStepper.swift */; };
		8FCFB90D255D7CA500999FA8 /* InterestsButtonEnabledView.swift in Sources */ = {isa = PBXBuildFile; fileRef = 8FCFB90C255D7CA400999FA8 /* InterestsButtonEnabledView.swift */; };
		8FD43CA22579C1FC007F6678 /* LottieView.swift in Sources */ = {isa = PBXBuildFile; fileRef = 8FD43CA12579C1FC007F6678 /* LottieView.swift */; };
		8FD43CA82579C264007F6678 /* Lottie in Frameworks */ = {isa = PBXBuildFile; productRef = 8FD43CA72579C264007F6678 /* Lottie */; };
		8FD43CDB2579E2C9007F6678 /* Reachability.swift in Sources */ = {isa = PBXBuildFile; fileRef = 8FD43CDA2579E2C9007F6678 /* Reachability.swift */; };
		8FD43CEC2579E86A007F6678 /* OfflineView.swift in Sources */ = {isa = PBXBuildFile; fileRef = 8FD43CEB2579E86A007F6678 /* OfflineView.swift */; };
		8FD80D1E25D2BE7C004F88BE /* DisableAccountView.swift in Sources */ = {isa = PBXBuildFile; fileRef = 8FD80D1D25D2BE7C004F88BE /* DisableAccountView.swift */; };
		8FD80D2625D2BFCC004F88BE /* SignOutView.swift in Sources */ = {isa = PBXBuildFile; fileRef = 8FD80D2525D2BFCC004F88BE /* SignOutView.swift */; };
		8FDA96EE24F0C1620039EC4C /* GoogleService-Info.plist in Resources */ = {isa = PBXBuildFile; fileRef = 8FDA96ED24F0C1620039EC4C /* GoogleService-Info.plist */; };
		8FE0D3A9254CCDB70088A8AB /* SmallImageView.swift in Sources */ = {isa = PBXBuildFile; fileRef = 8FE0D3A8254CCDB70088A8AB /* SmallImageView.swift */; };
		8FE3802525642A8300E8424F /* csBuddiesApp.swift in Sources */ = {isa = PBXBuildFile; fileRef = 8FE3802425642A8300E8424F /* csBuddiesApp.swift */; };
		8FE3802A25642ABD00E8424F /* Persistence.swift in Sources */ = {isa = PBXBuildFile; fileRef = 8FE3802925642ABD00E8424F /* Persistence.swift */; };
		8FE57A11257575A000C96E8B /* RequestNewUsernameView.swift in Sources */ = {isa = PBXBuildFile; fileRef = 8FE57A10257575A000C96E8B /* RequestNewUsernameView.swift */; };
		8FE70FFD254C434200186AE2 /* PinchZoomView.swift in Sources */ = {isa = PBXBuildFile; fileRef = 8FE70FFC254C434200186AE2 /* PinchZoomView.swift */; };
		8FE8E161257B7BE000E00EDE /* offline.json in Resources */ = {isa = PBXBuildFile; fileRef = 8FE8E154257B7BDF00E00EDE /* offline.json */; };
		8FE8E162257B7BE000E00EDE /* error.json in Resources */ = {isa = PBXBuildFile; fileRef = 8FE8E155257B7BDF00E00EDE /* error.json */; };
		8FE8E164257B7BE000E00EDE /* maintenance.json in Resources */ = {isa = PBXBuildFile; fileRef = 8FE8E157257B7BDF00E00EDE /* maintenance.json */; };
		8FE8E169257B7BE000E00EDE /* checkMark.json in Resources */ = {isa = PBXBuildFile; fileRef = 8FE8E15C257B7BE000E00EDE /* checkMark.json */; };
		8FE8E16A257B7BE000E00EDE /* load.json in Resources */ = {isa = PBXBuildFile; fileRef = 8FE8E15D257B7BE000E00EDE /* load.json */; };
		8FE8E16B257B7BE000E00EDE /* like.json in Resources */ = {isa = PBXBuildFile; fileRef = 8FE8E15E257B7BE000E00EDE /* like.json */; };
		8FE8E174257B7C2D00E00EDE /* attention.json in Resources */ = {isa = PBXBuildFile; fileRef = 8FE8E173257B7C2D00E00EDE /* attention.json */; };
		8FEEAB6E25AD84D0006323AA /* ByteView.swift in Sources */ = {isa = PBXBuildFile; fileRef = 8FEEAB6D25AD84D0006323AA /* ByteView.swift */; };
		8FEEAB7325AD8785006323AA /* BytePostView.swift in Sources */ = {isa = PBXBuildFile; fileRef = 8FEEAB7225AD8785006323AA /* BytePostView.swift */; };
		8FEEAB7E25AD9E88006323AA /* CommentView.swift in Sources */ = {isa = PBXBuildFile; fileRef = 8FEEAB7D25AD9E88006323AA /* CommentView.swift */; };
		8FF3F1F1256F2D08008474BB /* NavigationLinkEmpty.swift in Sources */ = {isa = PBXBuildFile; fileRef = 8FF3F1F0256F2D08008474BB /* NavigationLinkEmpty.swift */; };
/* End PBXBuildFile section */

/* Begin PBXContainerItemProxy section */
		8FC6A96B24C7BB54001FB6E0 /* PBXContainerItemProxy */ = {
			isa = PBXContainerItemProxy;
			containerPortal = 8FC6A94924C7BB50001FB6E0 /* Project object */;
			proxyType = 1;
			remoteGlobalIDString = 8FC6A95024C7BB50001FB6E0;
			remoteInfo = csBuddies;
		};
		8FC6A97624C7BB54001FB6E0 /* PBXContainerItemProxy */ = {
			isa = PBXContainerItemProxy;
			containerPortal = 8FC6A94924C7BB50001FB6E0 /* Project object */;
			proxyType = 1;
			remoteGlobalIDString = 8FC6A95024C7BB50001FB6E0;
			remoteInfo = csBuddies;
		};
/* End PBXContainerItemProxy section */

/* Begin PBXFileReference section */
		8F066515257B20A9000578C6 /* SimpleView.swift */ = {isa = PBXFileReference; lastKnownFileType = sourcecode.swift; path = SimpleView.swift; sourceTree = "<group>"; };
		8F070C7425872E790087614E /* AttributionView.swift */ = {isa = PBXFileReference; lastKnownFileType = sourcecode.swift; path = AttributionView.swift; sourceTree = "<group>"; };
		8F0D8AD82518D02400058A46 /* KeyboardDetector.swift */ = {isa = PBXFileReference; lastKnownFileType = sourcecode.swift; path = KeyboardDetector.swift; sourceTree = "<group>"; };
		8F11A20125B9A19A0021E82D /* InboxView.swift */ = {isa = PBXFileReference; lastKnownFileType = sourcecode.swift; path = InboxView.swift; sourceTree = "<group>"; };
		8F12B5D325C791E80011749A /* AnnouncementView.swift */ = {isa = PBXFileReference; lastKnownFileType = sourcecode.swift; path = AnnouncementView.swift; sourceTree = "<group>"; };
		8F12B65C25CA2E130011749A /* CommentPreviewView.swift */ = {isa = PBXFileReference; lastKnownFileType = sourcecode.swift; path = CommentPreviewView.swift; sourceTree = "<group>"; };
		8F12B66125CA30710011749A /* BytePreviewView.swift */ = {isa = PBXFileReference; lastKnownFileType = sourcecode.swift; path = BytePreviewView.swift; sourceTree = "<group>"; };
		8F14BF742587159700D3ADB8 /* chat.json */ = {isa = PBXFileReference; fileEncoding = 4; lastKnownFileType = text.json; path = chat.json; sourceTree = "<group>"; };
		8F18F4F624E0753700D9E524 /* ImagePickerView.swift */ = {isa = PBXFileReference; lastKnownFileType = sourcecode.swift; path = ImagePickerView.swift; sourceTree = "<group>"; };
		8F1B5FAC254F99C4009C402B /* SlidingTabView.swift */ = {isa = PBXFileReference; fileEncoding = 4; lastKnownFileType = sourcecode.swift; path = SlidingTabView.swift; sourceTree = "<group>"; };
		8F1B5FB4254FB752009C402B /* BigImageView.swift */ = {isa = PBXFileReference; fileEncoding = 4; lastKnownFileType = sourcecode.swift; path = BigImageView.swift; sourceTree = "<group>"; };
		8F1B5FBC254FD2A1009C402B /* UserProfileView.swift */ = {isa = PBXFileReference; lastKnownFileType = sourcecode.swift; path = UserProfileView.swift; sourceTree = "<group>"; };
		8F1C4A4925CD74A600156A34 /* InfiniteScrollView.swift */ = {isa = PBXFileReference; lastKnownFileType = sourcecode.swift; path = InfiniteScrollView.swift; sourceTree = "<group>"; };
		8F26E3BA25CD9B7200EE4CB1 /* BackButton.swift */ = {isa = PBXFileReference; lastKnownFileType = sourcecode.swift; path = BackButton.swift; sourceTree = "<group>"; };
		8F26E3BF25CD9BD700EE4CB1 /* ColoredButton.swift */ = {isa = PBXFileReference; lastKnownFileType = sourcecode.swift; path = ColoredButton.swift; sourceTree = "<group>"; };
		8F26E3CA25CD9C2700EE4CB1 /* FloatingActionButton.swift */ = {isa = PBXFileReference; lastKnownFileType = sourcecode.swift; path = FloatingActionButton.swift; sourceTree = "<group>"; };
		8F2BFF8524F18E8F00F87BB8 /* AdmobNativeAds.swift */ = {isa = PBXFileReference; lastKnownFileType = sourcecode.swift; path = AdmobNativeAds.swift; sourceTree = "<group>"; };
		8F2BFFAA24F2BD7400F87BB8 /* csBuddies-Bridging-Header.h */ = {isa = PBXFileReference; lastKnownFileType = sourcecode.c.h; path = "csBuddies-Bridging-Header.h"; sourceTree = "<group>"; };
		8F3287752565810A00F2DE15 /* ByteLikesView.swift */ = {isa = PBXFileReference; fileEncoding = 4; lastKnownFileType = sourcecode.swift; path = ByteLikesView.swift; sourceTree = "<group>"; };
		8F3287772565810A00F2DE15 /* BytesView.swift */ = {isa = PBXFileReference; fileEncoding = 4; lastKnownFileType = sourcecode.swift; path = BytesView.swift; sourceTree = "<group>"; };
		8F3287782565810A00F2DE15 /* ByteWriteView.swift */ = {isa = PBXFileReference; fileEncoding = 4; lastKnownFileType = sourcecode.swift; path = ByteWriteView.swift; sourceTree = "<group>"; };
		8F32AE3A257D9F7C00609DD1 /* ConfirmationView.swift */ = {isa = PBXFileReference; lastKnownFileType = sourcecode.swift; path = ConfirmationView.swift; sourceTree = "<group>"; };
		8F38763C25BF933300DBEB22 /* BytesFilterView.swift */ = {isa = PBXFileReference; lastKnownFileType = sourcecode.swift; path = BytesFilterView.swift; sourceTree = "<group>"; };
		8F39287325598C1D00E0BCA8 /* UsersGADTSmallTemplateView.h */ = {isa = PBXFileReference; fileEncoding = 4; lastKnownFileType = sourcecode.c.h; path = UsersGADTSmallTemplateView.h; sourceTree = "<group>"; };
		8F39287425598C1D00E0BCA8 /* UsersGADTSmallTemplateView.m */ = {isa = PBXFileReference; fileEncoding = 4; lastKnownFileType = sourcecode.c.objc; path = UsersGADTSmallTemplateView.m; sourceTree = "<group>"; };
		8F39287525598C1D00E0BCA8 /* UsersGADTSmallTemplateView.xib */ = {isa = PBXFileReference; fileEncoding = 4; lastKnownFileType = file.xib; path = UsersGADTSmallTemplateView.xib; sourceTree = "<group>"; };
		8F39287625598C1D00E0BCA8 /* UsersGADTTemplateView.h */ = {isa = PBXFileReference; fileEncoding = 4; lastKnownFileType = sourcecode.c.h; path = UsersGADTTemplateView.h; sourceTree = "<group>"; };
		8F39287725598C1D00E0BCA8 /* UsersGADTTemplateView.m */ = {isa = PBXFileReference; fileEncoding = 4; lastKnownFileType = sourcecode.c.objc; path = UsersGADTTemplateView.m; sourceTree = "<group>"; };
		8F39287925598C1D00E0BCA8 /* BytesGADTSmallTemplateView.h */ = {isa = PBXFileReference; fileEncoding = 4; lastKnownFileType = sourcecode.c.h; path = BytesGADTSmallTemplateView.h; sourceTree = "<group>"; };
		8F39287A25598C1D00E0BCA8 /* BytesGADTSmallTemplateView.m */ = {isa = PBXFileReference; fileEncoding = 4; lastKnownFileType = sourcecode.c.objc; path = BytesGADTSmallTemplateView.m; sourceTree = "<group>"; };
		8F39287B25598C1D00E0BCA8 /* BytesGADTSmallTemplateView.xib */ = {isa = PBXFileReference; fileEncoding = 4; lastKnownFileType = file.xib; path = BytesGADTSmallTemplateView.xib; sourceTree = "<group>"; };
		8F39287C25598C1D00E0BCA8 /* BytesGADTTemplateView.h */ = {isa = PBXFileReference; fileEncoding = 4; lastKnownFileType = sourcecode.c.h; path = BytesGADTTemplateView.h; sourceTree = "<group>"; };
		8F39287D25598C1D00E0BCA8 /* BytesGADTTemplateView.m */ = {isa = PBXFileReference; fileEncoding = 4; lastKnownFileType = sourcecode.c.objc; path = BytesGADTTemplateView.m; sourceTree = "<group>"; };
		8F41765425B67F4D00FDE0A3 /* CommentHeartView.swift */ = {isa = PBXFileReference; lastKnownFileType = sourcecode.swift; path = CommentHeartView.swift; sourceTree = "<group>"; };
		8F41765925B681C400FDE0A3 /* CommentLikesView.swift */ = {isa = PBXFileReference; lastKnownFileType = sourcecode.swift; path = CommentLikesView.swift; sourceTree = "<group>"; };
		8F42243B25AE6ECC00E0AE13 /* CommentWriteView.swift */ = {isa = PBXFileReference; lastKnownFileType = sourcecode.swift; path = CommentWriteView.swift; sourceTree = "<group>"; };
		8F431A672561BB4E00566967 /* BuddiesFilterAgeView.swift */ = {isa = PBXFileReference; lastKnownFileType = sourcecode.swift; path = BuddiesFilterAgeView.swift; sourceTree = "<group>"; };
		8F4AB39E25CD9E6F003071A9 /* InterestsButtonDisabledView.swift */ = {isa = PBXFileReference; lastKnownFileType = sourcecode.swift; path = InterestsButtonDisabledView.swift; sourceTree = "<group>"; };
		8F5B2B06255B837F0045599C /* TagsView.swift */ = {isa = PBXFileReference; fileEncoding = 4; lastKnownFileType = sourcecode.swift; path = TagsView.swift; sourceTree = "<group>"; };
		8F5B2B0E255BBAC60045599C /* InterestsView.swift */ = {isa = PBXFileReference; lastKnownFileType = sourcecode.swift; path = InterestsView.swift; sourceTree = "<group>"; };
		8F6211C3255DC18200D55B50 /* WelcomeView.swift */ = {isa = PBXFileReference; lastKnownFileType = sourcecode.swift; path = WelcomeView.swift; sourceTree = "<group>"; };
		8F621933253AF1F600D4AFAB /* NavigationLinkNoArrow.swift */ = {isa = PBXFileReference; lastKnownFileType = sourcecode.swift; path = NavigationLinkNoArrow.swift; sourceTree = "<group>"; };
		8F769D232562119E00351A3A /* BetterTextEditor.swift */ = {isa = PBXFileReference; lastKnownFileType = sourcecode.swift; path = BetterTextEditor.swift; sourceTree = "<group>"; };
		8F7C9694257382C700788E7B /* TruncatedText.swift */ = {isa = PBXFileReference; lastKnownFileType = sourcecode.swift; path = TruncatedText.swift; sourceTree = "<group>"; };
		8F7F166E257B8D1200AECE6F /* noData.json */ = {isa = PBXFileReference; fileEncoding = 4; lastKnownFileType = text.json; path = noData.json; sourceTree = "<group>"; };
		8F7F1696257B92F700AECE6F /* team.json */ = {isa = PBXFileReference; fileEncoding = 4; lastKnownFileType = text.json; path = team.json; sourceTree = "<group>"; };
		8F85F80D256EA41C00FE8348 /* AccountView.swift */ = {isa = PBXFileReference; lastKnownFileType = sourcecode.swift; path = AccountView.swift; sourceTree = "<group>"; };
		8F85F818256EABC800FE8348 /* AboutView.swift */ = {isa = PBXFileReference; lastKnownFileType = sourcecode.swift; path = AboutView.swift; sourceTree = "<group>"; };
		8F8F2B472527366E00F76A55 /* MaintenanceView.swift */ = {isa = PBXFileReference; lastKnownFileType = sourcecode.swift; path = MaintenanceView.swift; sourceTree = "<group>"; };
		8F933497255FC3E600837848 /* ActivityIndicatorView.swift */ = {isa = PBXFileReference; fileEncoding = 4; lastKnownFileType = sourcecode.swift; path = ActivityIndicatorView.swift; sourceTree = "<group>"; };
		8F9BC43F2565568700206650 /* DeleteAccountView.swift */ = {isa = PBXFileReference; lastKnownFileType = sourcecode.swift; path = DeleteAccountView.swift; sourceTree = "<group>"; };
		8F9F48D6257C230B00A85457 /* sendEmail.json */ = {isa = PBXFileReference; fileEncoding = 4; lastKnownFileType = text.json; path = sendEmail.json; sourceTree = "<group>"; };
		8F9F48DE257C326700A85457 /* openEmail.json */ = {isa = PBXFileReference; fileEncoding = 4; lastKnownFileType = text.json; path = openEmail.json; sourceTree = "<group>"; };
		8FBD011D25D3D0DD005F42F7 /* RadioButton.swift */ = {isa = PBXFileReference; lastKnownFileType = sourcecode.swift; path = RadioButton.swift; sourceTree = "<group>"; };
		8FBD4AC1252828F300D0DDCA /* TabsView.swift */ = {isa = PBXFileReference; lastKnownFileType = sourcecode.swift; path = TabsView.swift; sourceTree = "<group>"; };
		8FC057C624E972080058AA63 /* ReportView.swift */ = {isa = PBXFileReference; lastKnownFileType = sourcecode.swift; path = ReportView.swift; sourceTree = "<group>"; };
		8FC0F3B42559387500298B0F /* TypeEmailView.swift */ = {isa = PBXFileReference; lastKnownFileType = sourcecode.swift; path = TypeEmailView.swift; sourceTree = "<group>"; };
		8FC0F3BC255938A200298B0F /* EmailConfirmationView.swift */ = {isa = PBXFileReference; lastKnownFileType = sourcecode.swift; path = EmailConfirmationView.swift; sourceTree = "<group>"; };
		8FC6A95124C7BB50001FB6E0 /* csBuddies.app */ = {isa = PBXFileReference; explicitFileType = wrapper.application; includeInIndex = 0; path = csBuddies.app; sourceTree = BUILT_PRODUCTS_DIR; };
		8FC6A95924C7BB50001FB6E0 /* csBuddies.xcdatamodel */ = {isa = PBXFileReference; lastKnownFileType = wrapper.xcdatamodel; path = csBuddies.xcdatamodel; sourceTree = "<group>"; };
		8FC6A95D24C7BB54001FB6E0 /* Assets.xcassets */ = {isa = PBXFileReference; lastKnownFileType = folder.assetcatalog; path = Assets.xcassets; sourceTree = "<group>"; };
		8FC6A96024C7BB54001FB6E0 /* Preview Assets.xcassets */ = {isa = PBXFileReference; lastKnownFileType = folder.assetcatalog; path = "Preview Assets.xcassets"; sourceTree = "<group>"; };
		8FC6A96324C7BB54001FB6E0 /* Base */ = {isa = PBXFileReference; lastKnownFileType = file.storyboard; name = Base; path = Base.lproj/LaunchScreen.storyboard; sourceTree = "<group>"; };
		8FC6A96524C7BB54001FB6E0 /* Info.plist */ = {isa = PBXFileReference; lastKnownFileType = text.plist.xml; path = Info.plist; sourceTree = "<group>"; };
		8FC6A96A24C7BB54001FB6E0 /* csBuddiesTests.xctest */ = {isa = PBXFileReference; explicitFileType = wrapper.cfbundle; includeInIndex = 0; path = csBuddiesTests.xctest; sourceTree = BUILT_PRODUCTS_DIR; };
		8FC6A96E24C7BB54001FB6E0 /* csBuddiesTests.swift */ = {isa = PBXFileReference; lastKnownFileType = sourcecode.swift; path = csBuddiesTests.swift; sourceTree = "<group>"; };
		8FC6A97024C7BB54001FB6E0 /* Info.plist */ = {isa = PBXFileReference; lastKnownFileType = text.plist.xml; path = Info.plist; sourceTree = "<group>"; };
		8FC6A97524C7BB54001FB6E0 /* csBuddiesUITests.xctest */ = {isa = PBXFileReference; explicitFileType = wrapper.cfbundle; includeInIndex = 0; path = csBuddiesUITests.xctest; sourceTree = BUILT_PRODUCTS_DIR; };
		8FC6A97924C7BB54001FB6E0 /* csBuddiesUITests.swift */ = {isa = PBXFileReference; lastKnownFileType = sourcecode.swift; path = csBuddiesUITests.swift; sourceTree = "<group>"; };
		8FC6A97B24C7BB54001FB6E0 /* Info.plist */ = {isa = PBXFileReference; lastKnownFileType = text.plist.xml; path = Info.plist; sourceTree = "<group>"; };
		8FC6A98924C7C09D001FB6E0 /* csBuddies.entitlements */ = {isa = PBXFileReference; lastKnownFileType = text.plist.entitlements; path = csBuddies.entitlements; sourceTree = "<group>"; };
		8FC6A98C24C7CD80001FB6E0 /* ProfileEditView.swift */ = {isa = PBXFileReference; fileEncoding = 4; lastKnownFileType = sourcecode.swift; path = ProfileEditView.swift; sourceTree = "<group>"; };
		8FC6A98D24C7CD80001FB6E0 /* ProfileView.swift */ = {isa = PBXFileReference; fileEncoding = 4; lastKnownFileType = sourcecode.swift; path = ProfileView.swift; sourceTree = "<group>"; };
		8FC6A99024C7CD80001FB6E0 /* BuddiesFilterView.swift */ = {isa = PBXFileReference; fileEncoding = 4; lastKnownFileType = sourcecode.swift; path = BuddiesFilterView.swift; sourceTree = "<group>"; };
		8FC6A99224C7CD80001FB6E0 /* UserPreviewView.swift */ = {isa = PBXFileReference; fileEncoding = 4; lastKnownFileType = sourcecode.swift; path = UserPreviewView.swift; sourceTree = "<group>"; };
		8FC6A99324C7CD80001FB6E0 /* UserView.swift */ = {isa = PBXFileReference; fileEncoding = 4; lastKnownFileType = sourcecode.swift; path = UserView.swift; sourceTree = "<group>"; };
		8FC6A99424C7CD80001FB6E0 /* BuddiesView.swift */ = {isa = PBXFileReference; fileEncoding = 4; lastKnownFileType = sourcecode.swift; path = BuddiesView.swift; sourceTree = "<group>"; };
		8FC6A99724C7CD80001FB6E0 /* LoadingView.swift */ = {isa = PBXFileReference; fileEncoding = 4; lastKnownFileType = sourcecode.swift; path = LoadingView.swift; sourceTree = "<group>"; };
		8FC6A99824C7CD80001FB6E0 /* UpdateView.swift */ = {isa = PBXFileReference; fileEncoding = 4; lastKnownFileType = sourcecode.swift; path = UpdateView.swift; sourceTree = "<group>"; };
		8FC6A99924C7CD80001FB6E0 /* SetInterestsView.swift */ = {isa = PBXFileReference; fileEncoding = 4; lastKnownFileType = sourcecode.swift; path = SetInterestsView.swift; sourceTree = "<group>"; };
		8FC6A99A24C7CD80001FB6E0 /* SetProfileView.swift */ = {isa = PBXFileReference; fileEncoding = 4; lastKnownFileType = sourcecode.swift; path = SetProfileView.swift; sourceTree = "<group>"; };
		8FC6A99B24C7CD80001FB6E0 /* TypeIntroView.swift */ = {isa = PBXFileReference; fileEncoding = 4; lastKnownFileType = sourcecode.swift; path = TypeIntroView.swift; sourceTree = "<group>"; };
		8FC6A99C24C7CD80001FB6E0 /* AppView.swift */ = {isa = PBXFileReference; fileEncoding = 4; lastKnownFileType = sourcecode.swift; path = AppView.swift; sourceTree = "<group>"; };
		8FC6A99D24C7CD80001FB6E0 /* AppDelegate.swift */ = {isa = PBXFileReference; fileEncoding = 4; lastKnownFileType = sourcecode.swift; path = AppDelegate.swift; sourceTree = "<group>"; };
		8FC6A99F24C7CD80001FB6E0 /* MessageInputView.swift */ = {isa = PBXFileReference; fileEncoding = 4; lastKnownFileType = sourcecode.swift; path = MessageInputView.swift; sourceTree = "<group>"; };
		8FC6A9A024C7CD80001FB6E0 /* ChatRoomPreviewView.swift */ = {isa = PBXFileReference; fileEncoding = 4; lastKnownFileType = sourcecode.swift; path = ChatRoomPreviewView.swift; sourceTree = "<group>"; };
		8FC6A9A124C7CD80001FB6E0 /* MessageListView.swift */ = {isa = PBXFileReference; fileEncoding = 4; lastKnownFileType = sourcecode.swift; path = MessageListView.swift; sourceTree = "<group>"; };
		8FC6A9A424C7CD80001FB6E0 /* MessageView.swift */ = {isa = PBXFileReference; fileEncoding = 4; lastKnownFileType = sourcecode.swift; path = MessageView.swift; sourceTree = "<group>"; };
		8FC6A9A524C7CD80001FB6E0 /* ChatRoomView.swift */ = {isa = PBXFileReference; fileEncoding = 4; lastKnownFileType = sourcecode.swift; path = ChatRoomView.swift; sourceTree = "<group>"; };
		8FC6A9A624C7CD80001FB6E0 /* ChatView.swift */ = {isa = PBXFileReference; fileEncoding = 4; lastKnownFileType = sourcecode.swift; path = ChatView.swift; sourceTree = "<group>"; };
		8FC6A9A724C7CD80001FB6E0 /* Global.swift */ = {isa = PBXFileReference; fileEncoding = 4; lastKnownFileType = sourcecode.swift; path = Global.swift; sourceTree = "<group>"; };
		8FC6A9C324C7CD80001FB6E0 /* NavigationLinkBorderless.swift */ = {isa = PBXFileReference; fileEncoding = 4; lastKnownFileType = sourcecode.swift; path = NavigationLinkBorderless.swift; sourceTree = "<group>"; };
		8FC6A9C424C7CD80001FB6E0 /* WebView.swift */ = {isa = PBXFileReference; fileEncoding = 4; lastKnownFileType = sourcecode.swift; path = WebView.swift; sourceTree = "<group>"; };
		8FC6A9C624C7CD80001FB6E0 /* BlockedUsersView.swift */ = {isa = PBXFileReference; fileEncoding = 4; lastKnownFileType = sourcecode.swift; path = BlockedUsersView.swift; sourceTree = "<group>"; };
		8FC6A9C724C7CD80001FB6E0 /* SettingsView.swift */ = {isa = PBXFileReference; fileEncoding = 4; lastKnownFileType = sourcecode.swift; path = SettingsView.swift; sourceTree = "<group>"; };
		8FC702FC257C70AC00D5641B /* Refresh.swift */ = {isa = PBXFileReference; lastKnownFileType = sourcecode.swift; path = Refresh.swift; sourceTree = "<group>"; };
		8FC8689D25BD580C00957332 /* NotificationView.swift */ = {isa = PBXFileReference; lastKnownFileType = sourcecode.swift; path = NotificationView.swift; sourceTree = "<group>"; };
		8FC9921425B2C9DF00EFBF1B /* ByteHeartView.swift */ = {isa = PBXFileReference; lastKnownFileType = sourcecode.swift; path = ByteHeartView.swift; sourceTree = "<group>"; };
		8FCFB8FF255D499700999FA8 /* GoogleMobileAds.xcframework */ = {isa = PBXFileReference; lastKnownFileType = wrapper.xcframework; path = GoogleMobileAds.xcframework; sourceTree = "<group>"; };
		8FCFB904255D598700999FA8 /* JoinStepper.swift */ = {isa = PBXFileReference; lastKnownFileType = sourcecode.swift; path = JoinStepper.swift; sourceTree = "<group>"; };
		8FCFB90C255D7CA400999FA8 /* InterestsButtonEnabledView.swift */ = {isa = PBXFileReference; lastKnownFileType = sourcecode.swift; path = InterestsButtonEnabledView.swift; sourceTree = "<group>"; };
		8FD43CA12579C1FC007F6678 /* LottieView.swift */ = {isa = PBXFileReference; lastKnownFileType = sourcecode.swift; path = LottieView.swift; sourceTree = "<group>"; };
		8FD43CDA2579E2C9007F6678 /* Reachability.swift */ = {isa = PBXFileReference; lastKnownFileType = sourcecode.swift; path = Reachability.swift; sourceTree = "<group>"; };
		8FD43CEB2579E86A007F6678 /* OfflineView.swift */ = {isa = PBXFileReference; lastKnownFileType = sourcecode.swift; path = OfflineView.swift; sourceTree = "<group>"; };
		8FD80D1D25D2BE7C004F88BE /* DisableAccountView.swift */ = {isa = PBXFileReference; lastKnownFileType = sourcecode.swift; path = DisableAccountView.swift; sourceTree = "<group>"; };
		8FD80D2525D2BFCC004F88BE /* SignOutView.swift */ = {isa = PBXFileReference; lastKnownFileType = sourcecode.swift; path = SignOutView.swift; sourceTree = "<group>"; };
		8FDA96ED24F0C1620039EC4C /* GoogleService-Info.plist */ = {isa = PBXFileReference; fileEncoding = 4; lastKnownFileType = text.plist.xml; path = "GoogleService-Info.plist"; sourceTree = "<group>"; };
		8FE0D3A8254CCDB70088A8AB /* SmallImageView.swift */ = {isa = PBXFileReference; lastKnownFileType = sourcecode.swift; path = SmallImageView.swift; sourceTree = "<group>"; };
		8FE3802425642A8300E8424F /* csBuddiesApp.swift */ = {isa = PBXFileReference; lastKnownFileType = sourcecode.swift; path = csBuddiesApp.swift; sourceTree = "<group>"; };
		8FE3802925642ABD00E8424F /* Persistence.swift */ = {isa = PBXFileReference; lastKnownFileType = sourcecode.swift; path = Persistence.swift; sourceTree = "<group>"; };
		8FE57A10257575A000C96E8B /* RequestNewUsernameView.swift */ = {isa = PBXFileReference; lastKnownFileType = sourcecode.swift; path = RequestNewUsernameView.swift; sourceTree = "<group>"; };
		8FE70FFC254C434200186AE2 /* PinchZoomView.swift */ = {isa = PBXFileReference; lastKnownFileType = sourcecode.swift; path = PinchZoomView.swift; sourceTree = "<group>"; };
		8FE8E154257B7BDF00E00EDE /* offline.json */ = {isa = PBXFileReference; fileEncoding = 4; lastKnownFileType = text.json; path = offline.json; sourceTree = "<group>"; };
		8FE8E155257B7BDF00E00EDE /* error.json */ = {isa = PBXFileReference; fileEncoding = 4; lastKnownFileType = text.json; path = error.json; sourceTree = "<group>"; };
		8FE8E157257B7BDF00E00EDE /* maintenance.json */ = {isa = PBXFileReference; fileEncoding = 4; lastKnownFileType = text.json; path = maintenance.json; sourceTree = "<group>"; };
		8FE8E15C257B7BE000E00EDE /* checkMark.json */ = {isa = PBXFileReference; fileEncoding = 4; lastKnownFileType = text.json; path = checkMark.json; sourceTree = "<group>"; };
		8FE8E15D257B7BE000E00EDE /* load.json */ = {isa = PBXFileReference; fileEncoding = 4; lastKnownFileType = text.json; path = load.json; sourceTree = "<group>"; };
		8FE8E15E257B7BE000E00EDE /* like.json */ = {isa = PBXFileReference; fileEncoding = 4; lastKnownFileType = text.json; path = like.json; sourceTree = "<group>"; };
		8FE8E173257B7C2D00E00EDE /* attention.json */ = {isa = PBXFileReference; fileEncoding = 4; lastKnownFileType = text.json; path = attention.json; sourceTree = "<group>"; };
		8FEEAB6D25AD84D0006323AA /* ByteView.swift */ = {isa = PBXFileReference; lastKnownFileType = sourcecode.swift; path = ByteView.swift; sourceTree = "<group>"; };
		8FEEAB7225AD8785006323AA /* BytePostView.swift */ = {isa = PBXFileReference; lastKnownFileType = sourcecode.swift; path = BytePostView.swift; sourceTree = "<group>"; };
		8FEEAB7D25AD9E88006323AA /* CommentView.swift */ = {isa = PBXFileReference; lastKnownFileType = sourcecode.swift; path = CommentView.swift; sourceTree = "<group>"; };
		8FF3F1F0256F2D08008474BB /* NavigationLinkEmpty.swift */ = {isa = PBXFileReference; lastKnownFileType = sourcecode.swift; path = NavigationLinkEmpty.swift; sourceTree = "<group>"; };
/* End PBXFileReference section */

/* Begin PBXFrameworksBuildPhase section */
		8FC6A94E24C7BB50001FB6E0 /* Frameworks */ = {
			isa = PBXFrameworksBuildPhase;
			buildActionMask = 2147483647;
			files = (
				8FA9A12025558C620035FE84 /* FirebaseMessaging in Frameworks */,
				8FCFB900255D499700999FA8 /* GoogleMobileAds.xcframework in Frameworks */,
				8FA9A12A25558EF90035FE84 /* TrueTime in Frameworks */,
				8FA9A11C25558C620035FE84 /* FirebaseAnalytics in Frameworks */,
				8FD43CA82579C264007F6678 /* Lottie in Frameworks */,
				8FA9A13625558FFA0035FE84 /* Introspect in Frameworks */,
				8FCFB8F3255D464200999FA8 /* StepperView in Frameworks */,
				8F7AB24425C768CA00A2A236 /* FirebaseCrashlytics in Frameworks */,
				8FA9A12425558C620035FE84 /* FirebaseFirestore in Frameworks */,
				8FA9A12225558C620035FE84 /* FirebaseAuth in Frameworks */,
			);
			runOnlyForDeploymentPostprocessing = 0;
		};
		8FC6A96724C7BB54001FB6E0 /* Frameworks */ = {
			isa = PBXFrameworksBuildPhase;
			buildActionMask = 2147483647;
			files = (
			);
			runOnlyForDeploymentPostprocessing = 0;
		};
		8FC6A97224C7BB54001FB6E0 /* Frameworks */ = {
			isa = PBXFrameworksBuildPhase;
			buildActionMask = 2147483647;
			files = (
			);
			runOnlyForDeploymentPostprocessing = 0;
		};
/* End PBXFrameworksBuildPhase section */

/* Begin PBXGroup section */
		8F077F0D2555A1C600504CB3 /* Frameworks */ = {
			isa = PBXGroup;
			children = (
			);
			name = Frameworks;
			sourceTree = "<group>";
		};
		8F3287722565810A00F2DE15 /* Bytes */ = {
			isa = PBXGroup;
			children = (
				8F3287772565810A00F2DE15 /* BytesView.swift */,
				8F38763C25BF933300DBEB22 /* BytesFilterView.swift */,
				8F11A20125B9A19A0021E82D /* InboxView.swift */,
				8FC8689D25BD580C00957332 /* NotificationView.swift */,
				8F12B66125CA30710011749A /* BytePreviewView.swift */,
				8FEEAB6D25AD84D0006323AA /* ByteView.swift */,
				8FEEAB7225AD8785006323AA /* BytePostView.swift */,
				8FC9921425B2C9DF00EFBF1B /* ByteHeartView.swift */,
				8F3287752565810A00F2DE15 /* ByteLikesView.swift */,
				8F3287782565810A00F2DE15 /* ByteWriteView.swift */,
				8F12B65C25CA2E130011749A /* CommentPreviewView.swift */,
				8FEEAB7D25AD9E88006323AA /* CommentView.swift */,
				8F41765425B67F4D00FDE0A3 /* CommentHeartView.swift */,
				8F41765925B681C400FDE0A3 /* CommentLikesView.swift */,
				8F42243B25AE6ECC00E0AE13 /* CommentWriteView.swift */,
			);
			path = Bytes;
			sourceTree = "<group>";
		};
		8F39287125598C1D00E0BCA8 /* Admob Native Ads */ = {
			isa = PBXGroup;
			children = (
				8F2BFF8524F18E8F00F87BB8 /* AdmobNativeAds.swift */,
				8F39287225598C1D00E0BCA8 /* Users */,
				8F39287825598C1D00E0BCA8 /* Bytes */,
			);
			path = "Admob Native Ads";
			sourceTree = "<group>";
		};
		8F39287225598C1D00E0BCA8 /* Users */ = {
			isa = PBXGroup;
			children = (
				8F39287325598C1D00E0BCA8 /* UsersGADTSmallTemplateView.h */,
				8F39287425598C1D00E0BCA8 /* UsersGADTSmallTemplateView.m */,
				8F39287525598C1D00E0BCA8 /* UsersGADTSmallTemplateView.xib */,
				8F39287625598C1D00E0BCA8 /* UsersGADTTemplateView.h */,
				8F39287725598C1D00E0BCA8 /* UsersGADTTemplateView.m */,
			);
			path = Users;
			sourceTree = "<group>";
		};
		8F39287825598C1D00E0BCA8 /* Bytes */ = {
			isa = PBXGroup;
			children = (
				8F39287925598C1D00E0BCA8 /* BytesGADTSmallTemplateView.h */,
				8F39287A25598C1D00E0BCA8 /* BytesGADTSmallTemplateView.m */,
				8F39287B25598C1D00E0BCA8 /* BytesGADTSmallTemplateView.xib */,
				8F39287C25598C1D00E0BCA8 /* BytesGADTTemplateView.h */,
				8F39287D25598C1D00E0BCA8 /* BytesGADTTemplateView.m */,
			);
			path = Bytes;
			sourceTree = "<group>";
		};
		8F4622FA2571843100C5D23E /* Interests */ = {
			isa = PBXGroup;
			children = (
				8F5B2B0E255BBAC60045599C /* InterestsView.swift */,
				8FCFB90C255D7CA400999FA8 /* InterestsButtonEnabledView.swift */,
				8F4AB39E25CD9E6F003071A9 /* InterestsButtonDisabledView.swift */,
				8F5B2B06255B837F0045599C /* TagsView.swift */,
			);
			path = Interests;
			sourceTree = "<group>";
		};
		8F4623162571861D00C5D23E /* Navigation Links */ = {
			isa = PBXGroup;
			children = (
				8FF3F1F0256F2D08008474BB /* NavigationLinkEmpty.swift */,
				8F621933253AF1F600D4AFAB /* NavigationLinkNoArrow.swift */,
				8FC6A9C324C7CD80001FB6E0 /* NavigationLinkBorderless.swift */,
			);
			path = "Navigation Links";
			sourceTree = "<group>";
		};
		8F4623182571871F00C5D23E /* Images */ = {
			isa = PBXGroup;
			children = (
				8F18F4F624E0753700D9E524 /* ImagePickerView.swift */,
				8FE0D3A8254CCDB70088A8AB /* SmallImageView.swift */,
				8F1B5FB4254FB752009C402B /* BigImageView.swift */,
				8FE70FFC254C434200186AE2 /* PinchZoomView.swift */,
			);
			path = Images;
			sourceTree = "<group>";
		};
		8F4623192571877D00C5D23E /* Shared */ = {
			isa = PBXGroup;
			children = (
				8F39287125598C1D00E0BCA8 /* Admob Native Ads */,
				8F4AB3A325CD9EBD003071A9 /* Texts */,
				8F4AB39A25CD9DD5003071A9 /* Buttons */,
				8F4623162571861D00C5D23E /* Navigation Links */,
				8F4622FA2571843100C5D23E /* Interests */,
				8F4623182571871F00C5D23E /* Images */,
				8F46231A2571891300C5D23E /* Others */,
			);
			path = Shared;
			sourceTree = "<group>";
		};
		8F46231A2571891300C5D23E /* Others */ = {
			isa = PBXGroup;
			children = (
				8FC702FC257C70AC00D5641B /* Refresh.swift */,
				8FC6A9C424C7CD80001FB6E0 /* WebView.swift */,
				8FD43CA12579C1FC007F6678 /* LottieView.swift */,
				8F066515257B20A9000578C6 /* SimpleView.swift */,
				8F1B5FAC254F99C4009C402B /* SlidingTabView.swift */,
				8F1C4A4925CD74A600156A34 /* InfiniteScrollView.swift */,
				8F933497255FC3E600837848 /* ActivityIndicatorView.swift */,
			);
			path = Others;
			sourceTree = "<group>";
		};
		8F4AB39A25CD9DD5003071A9 /* Buttons */ = {
			isa = PBXGroup;
			children = (
				8FBD011D25D3D0DD005F42F7 /* RadioButton.swift */,
				8F26E3BA25CD9B7200EE4CB1 /* BackButton.swift */,
				8F26E3BF25CD9BD700EE4CB1 /* ColoredButton.swift */,
				8F26E3CA25CD9C2700EE4CB1 /* FloatingActionButton.swift */,
			);
			path = Buttons;
			sourceTree = "<group>";
		};
		8F4AB3A325CD9EBD003071A9 /* Texts */ = {
			isa = PBXGroup;
			children = (
				8F7C9694257382C700788E7B /* TruncatedText.swift */,
				8F769D232562119E00351A3A /* BetterTextEditor.swift */,
			);
			path = Texts;
			sourceTree = "<group>";
		};
		8FC6A94824C7BB50001FB6E0 = {
			isa = PBXGroup;
			children = (
				8FC6A95324C7BB50001FB6E0 /* csBuddies */,
				8FC6A96D24C7BB54001FB6E0 /* csBuddiesTests */,
				8FC6A97824C7BB54001FB6E0 /* csBuddiesUITests */,
				8FC6A95224C7BB50001FB6E0 /* Products */,
				8F077F0D2555A1C600504CB3 /* Frameworks */,
			);
			sourceTree = "<group>";
		};
		8FC6A95224C7BB50001FB6E0 /* Products */ = {
			isa = PBXGroup;
			children = (
				8FC6A95124C7BB50001FB6E0 /* csBuddies.app */,
				8FC6A96A24C7BB54001FB6E0 /* csBuddiesTests.xctest */,
				8FC6A97524C7BB54001FB6E0 /* csBuddiesUITests.xctest */,
			);
			name = Products;
			sourceTree = "<group>";
		};
		8FC6A95324C7BB50001FB6E0 /* csBuddies */ = {
			isa = PBXGroup;
			children = (
				8FC6A98924C7C09D001FB6E0 /* csBuddies.entitlements */,
				8FE3802425642A8300E8424F /* csBuddiesApp.swift */,
				8FE3802925642ABD00E8424F /* Persistence.swift */,
				8FC6A99D24C7CD80001FB6E0 /* AppDelegate.swift */,
				8FC6A9A724C7CD80001FB6E0 /* Global.swift */,
				8FC6A99C24C7CD80001FB6E0 /* AppView.swift */,
				8FD43CEB2579E86A007F6678 /* OfflineView.swift */,
				8FCF3C88255F72C500DF222C /* Loading */,
				8FCF3C89255F73D200DF222C /* Welcome */,
				8FC6A99524C7CD80001FB6E0 /* Join */,
				8FCF3C8A255F74A000DF222C /* Maintenance */,
				8FCF3C8B255F74A900DF222C /* Update */,
				8FCF3C8D255F74C200DF222C /* Tabs */,
				8FE8E149257B7BC600E00EDE /* Json Animation */,
				8FCFB8FF255D499700999FA8 /* GoogleMobileAds.xcframework */,
				8F2BFFAA24F2BD7400F87BB8 /* csBuddies-Bridging-Header.h */,
				8FC6A95D24C7BB54001FB6E0 /* Assets.xcassets */,
				8FC6A96224C7BB54001FB6E0 /* LaunchScreen.storyboard */,
				8FDA96ED24F0C1620039EC4C /* GoogleService-Info.plist */,
				8FC6A96524C7BB54001FB6E0 /* Info.plist */,
				8FC6A95824C7BB50001FB6E0 /* csBuddies.xcdatamodeld */,
				8FC6A95F24C7BB54001FB6E0 /* Preview Content */,
			);
			path = csBuddies;
			sourceTree = "<group>";
		};
		8FC6A95F24C7BB54001FB6E0 /* Preview Content */ = {
			isa = PBXGroup;
			children = (
				8FC6A96024C7BB54001FB6E0 /* Preview Assets.xcassets */,
			);
			path = "Preview Content";
			sourceTree = "<group>";
		};
		8FC6A96D24C7BB54001FB6E0 /* csBuddiesTests */ = {
			isa = PBXGroup;
			children = (
				8FC6A96E24C7BB54001FB6E0 /* csBuddiesTests.swift */,
				8FC6A97024C7BB54001FB6E0 /* Info.plist */,
			);
			path = csBuddiesTests;
			sourceTree = "<group>";
		};
		8FC6A97824C7BB54001FB6E0 /* csBuddiesUITests */ = {
			isa = PBXGroup;
			children = (
				8FC6A97924C7BB54001FB6E0 /* csBuddiesUITests.swift */,
				8FC6A97B24C7BB54001FB6E0 /* Info.plist */,
			);
			path = csBuddiesUITests;
			sourceTree = "<group>";
		};
		8FC6A98A24C7CD80001FB6E0 /* Profile */ = {
			isa = PBXGroup;
			children = (
				8FC6A98D24C7CD80001FB6E0 /* ProfileView.swift */,
				8FC6A98C24C7CD80001FB6E0 /* ProfileEditView.swift */,
				8FC6A9C724C7CD80001FB6E0 /* SettingsView.swift */,
				8F85F80D256EA41C00FE8348 /* AccountView.swift */,
				8FC6A9C624C7CD80001FB6E0 /* BlockedUsersView.swift */,
				8FE57A10257575A000C96E8B /* RequestNewUsernameView.swift */,
				8FD80D2525D2BFCC004F88BE /* SignOutView.swift */,
				8FD80D1D25D2BE7C004F88BE /* DisableAccountView.swift */,
				8F9BC43F2565568700206650 /* DeleteAccountView.swift */,
				8F85F818256EABC800FE8348 /* AboutView.swift */,
				8F070C7425872E790087614E /* AttributionView.swift */,
			);
			path = Profile;
			sourceTree = "<group>";
		};
		8FC6A98E24C7CD80001FB6E0 /* Buddies */ = {
			isa = PBXGroup;
			children = (
				8FC6A99424C7CD80001FB6E0 /* BuddiesView.swift */,
				8FC6A99024C7CD80001FB6E0 /* BuddiesFilterView.swift */,
				8F431A672561BB4E00566967 /* BuddiesFilterAgeView.swift */,
				8FC6A99224C7CD80001FB6E0 /* UserPreviewView.swift */,
				8FC6A99324C7CD80001FB6E0 /* UserView.swift */,
				8F1B5FBC254FD2A1009C402B /* UserProfileView.swift */,
				8FC057C624E972080058AA63 /* ReportView.swift */,
			);
			path = Buddies;
			sourceTree = "<group>";
		};
		8FC6A99524C7CD80001FB6E0 /* Join */ = {
			isa = PBXGroup;
			children = (
				8FC0F3B42559387500298B0F /* TypeEmailView.swift */,
				8FC0F3BC255938A200298B0F /* EmailConfirmationView.swift */,
				8FC6A99924C7CD80001FB6E0 /* SetInterestsView.swift */,
				8FC6A99A24C7CD80001FB6E0 /* SetProfileView.swift */,
				8FC6A99B24C7CD80001FB6E0 /* TypeIntroView.swift */,
				8FCFB904255D598700999FA8 /* JoinStepper.swift */,
			);
			path = Join;
			sourceTree = "<group>";
		};
		8FC6A99E24C7CD80001FB6E0 /* Chat */ = {
			isa = PBXGroup;
			children = (
				8FC6A9A624C7CD80001FB6E0 /* ChatView.swift */,
				8FC6A9A024C7CD80001FB6E0 /* ChatRoomPreviewView.swift */,
				8FC6A9A524C7CD80001FB6E0 /* ChatRoomView.swift */,
				8FC6A9A124C7CD80001FB6E0 /* MessageListView.swift */,
				8FC6A99F24C7CD80001FB6E0 /* MessageInputView.swift */,
				8FC6A9A424C7CD80001FB6E0 /* MessageView.swift */,
			);
			path = Chat;
			sourceTree = "<group>";
		};
		8FCF3C88255F72C500DF222C /* Loading */ = {
			isa = PBXGroup;
			children = (
				8FC6A99724C7CD80001FB6E0 /* LoadingView.swift */,
				8FD43CDA2579E2C9007F6678 /* Reachability.swift */,
			);
			path = Loading;
			sourceTree = "<group>";
		};
		8FCF3C89255F73D200DF222C /* Welcome */ = {
			isa = PBXGroup;
			children = (
				8F6211C3255DC18200D55B50 /* WelcomeView.swift */,
			);
			path = Welcome;
			sourceTree = "<group>";
		};
		8FCF3C8A255F74A000DF222C /* Maintenance */ = {
			isa = PBXGroup;
			children = (
				8F8F2B472527366E00F76A55 /* MaintenanceView.swift */,
			);
			path = Maintenance;
			sourceTree = "<group>";
		};
		8FCF3C8B255F74A900DF222C /* Update */ = {
			isa = PBXGroup;
			children = (
				8FC6A99824C7CD80001FB6E0 /* UpdateView.swift */,
			);
			path = Update;
			sourceTree = "<group>";
		};
		8FCF3C8D255F74C200DF222C /* Tabs */ = {
			isa = PBXGroup;
			children = (
				8FBD4AC1252828F300D0DDCA /* TabsView.swift */,
				8F32AE3A257D9F7C00609DD1 /* ConfirmationView.swift */,
				8F0D8AD82518D02400058A46 /* KeyboardDetector.swift */,
				8F12B5D325C791E80011749A /* AnnouncementView.swift */,
				8FC6A98E24C7CD80001FB6E0 /* Buddies */,
				8F3287722565810A00F2DE15 /* Bytes */,
				8FC6A99E24C7CD80001FB6E0 /* Chat */,
				8FC6A98A24C7CD80001FB6E0 /* Profile */,
				8F4623192571877D00C5D23E /* Shared */,
			);
			path = Tabs;
			sourceTree = "<group>";
		};
		8FE8E149257B7BC600E00EDE /* Json Animation */ = {
			isa = PBXGroup;
			children = (
				8FE8E15D257B7BE000E00EDE /* load.json */,
				8F14BF742587159700D3ADB8 /* chat.json */,
				8F7F1696257B92F700AECE6F /* team.json */,
				8F9F48D6257C230B00A85457 /* sendEmail.json */,
				8F9F48DE257C326700A85457 /* openEmail.json */,
				8FE8E15C257B7BE000E00EDE /* checkMark.json */,
				8FE8E154257B7BDF00E00EDE /* offline.json */,
				8FE8E155257B7BDF00E00EDE /* error.json */,
				8FE8E15E257B7BE000E00EDE /* like.json */,
				8FE8E157257B7BDF00E00EDE /* maintenance.json */,
				8F7F166E257B8D1200AECE6F /* noData.json */,
				8FE8E173257B7C2D00E00EDE /* attention.json */,
			);
			path = "Json Animation";
			sourceTree = "<group>";
		};
/* End PBXGroup section */

/* Begin PBXNativeTarget section */
		8FC6A95024C7BB50001FB6E0 /* csBuddies */ = {
			isa = PBXNativeTarget;
			buildConfigurationList = 8FC6A97E24C7BB54001FB6E0 /* Build configuration list for PBXNativeTarget "csBuddies" */;
			buildPhases = (
				8FC6A94D24C7BB50001FB6E0 /* Sources */,
				8FC6A94E24C7BB50001FB6E0 /* Frameworks */,
				8FC6A94F24C7BB50001FB6E0 /* Resources */,
				8F7AB23325C764EB00A2A236 /* ShellScript */,
			);
			buildRules = (
			);
			dependencies = (
			);
			name = csBuddies;
			packageProductDependencies = (
				8FA9A11B25558C620035FE84 /* FirebaseAnalytics */,
				8FA9A11F25558C620035FE84 /* FirebaseMessaging */,
				8FA9A12125558C620035FE84 /* FirebaseAuth */,
				8FA9A12325558C620035FE84 /* FirebaseFirestore */,
				8FA9A12925558EF90035FE84 /* TrueTime */,
				8FA9A13525558FFA0035FE84 /* Introspect */,
				8FCFB8F2255D464200999FA8 /* StepperView */,
				8FD43CA72579C264007F6678 /* Lottie */,
				8F7AB24325C768CA00A2A236 /* FirebaseCrashlytics */,
			);
			productName = csBuddies;
			productReference = 8FC6A95124C7BB50001FB6E0 /* csBuddies.app */;
			productType = "com.apple.product-type.application";
		};
		8FC6A96924C7BB54001FB6E0 /* csBuddiesTests */ = {
			isa = PBXNativeTarget;
			buildConfigurationList = 8FC6A98124C7BB54001FB6E0 /* Build configuration list for PBXNativeTarget "csBuddiesTests" */;
			buildPhases = (
				8FC6A96624C7BB54001FB6E0 /* Sources */,
				8FC6A96724C7BB54001FB6E0 /* Frameworks */,
				8FC6A96824C7BB54001FB6E0 /* Resources */,
			);
			buildRules = (
			);
			dependencies = (
				8FC6A96C24C7BB54001FB6E0 /* PBXTargetDependency */,
			);
			name = csBuddiesTests;
			productName = csBuddiesTests;
			productReference = 8FC6A96A24C7BB54001FB6E0 /* csBuddiesTests.xctest */;
			productType = "com.apple.product-type.bundle.unit-test";
		};
		8FC6A97424C7BB54001FB6E0 /* csBuddiesUITests */ = {
			isa = PBXNativeTarget;
			buildConfigurationList = 8FC6A98424C7BB54001FB6E0 /* Build configuration list for PBXNativeTarget "csBuddiesUITests" */;
			buildPhases = (
				8FC6A97124C7BB54001FB6E0 /* Sources */,
				8FC6A97224C7BB54001FB6E0 /* Frameworks */,
				8FC6A97324C7BB54001FB6E0 /* Resources */,
			);
			buildRules = (
			);
			dependencies = (
				8FC6A97724C7BB54001FB6E0 /* PBXTargetDependency */,
			);
			name = csBuddiesUITests;
			productName = csBuddiesUITests;
			productReference = 8FC6A97524C7BB54001FB6E0 /* csBuddiesUITests.xctest */;
			productType = "com.apple.product-type.bundle.ui-testing";
		};
/* End PBXNativeTarget section */

/* Begin PBXProject section */
		8FC6A94924C7BB50001FB6E0 /* Project object */ = {
			isa = PBXProject;
			attributes = {
				LastSwiftUpdateCheck = 1150;
				LastUpgradeCheck = 1150;
				ORGANIZATIONNAME = "Harry Cha";
				TargetAttributes = {
					8FC6A95024C7BB50001FB6E0 = {
						CreatedOnToolsVersion = 11.5;
						LastSwiftMigration = 1160;
					};
					8FC6A96924C7BB54001FB6E0 = {
						CreatedOnToolsVersion = 11.5;
						TestTargetID = 8FC6A95024C7BB50001FB6E0;
					};
					8FC6A97424C7BB54001FB6E0 = {
						CreatedOnToolsVersion = 11.5;
						TestTargetID = 8FC6A95024C7BB50001FB6E0;
					};
				};
			};
			buildConfigurationList = 8FC6A94C24C7BB50001FB6E0 /* Build configuration list for PBXProject "csBuddies" */;
			compatibilityVersion = "Xcode 9.3";
			developmentRegion = en;
			hasScannedForEncodings = 0;
			knownRegions = (
				en,
				Base,
			);
			mainGroup = 8FC6A94824C7BB50001FB6E0;
			packageReferences = (
				8FA9A11A25558C620035FE84 /* XCRemoteSwiftPackageReference "firebase-ios-sdk" */,
				8FA9A12825558EF90035FE84 /* XCRemoteSwiftPackageReference "TrueTime.swift" */,
				8FA9A13425558FFA0035FE84 /* XCRemoteSwiftPackageReference "SwiftUI-Introspect" */,
				8FCFB8F1255D464200999FA8 /* XCRemoteSwiftPackageReference "StepperView" */,
				8FD43CA62579C263007F6678 /* XCRemoteSwiftPackageReference "lottie-ios" */,
			);
			productRefGroup = 8FC6A95224C7BB50001FB6E0 /* Products */;
			projectDirPath = "";
			projectRoot = "";
			targets = (
				8FC6A95024C7BB50001FB6E0 /* csBuddies */,
				8FC6A96924C7BB54001FB6E0 /* csBuddiesTests */,
				8FC6A97424C7BB54001FB6E0 /* csBuddiesUITests */,
			);
		};
/* End PBXProject section */

/* Begin PBXResourcesBuildPhase section */
		8FC6A94F24C7BB50001FB6E0 /* Resources */ = {
			isa = PBXResourcesBuildPhase;
			buildActionMask = 2147483647;
			files = (
				8FE8E162257B7BE000E00EDE /* error.json in Resources */,
				8F39288225598C1D00E0BCA8 /* BytesGADTSmallTemplateView.xib in Resources */,
				8FE8E16B257B7BE000E00EDE /* like.json in Resources */,
				8F7F1697257B92F700AECE6F /* team.json in Resources */,
				8F7F166F257B8D1200AECE6F /* noData.json in Resources */,
				8F9F48DF257C326700A85457 /* openEmail.json in Resources */,
				8FC6A96424C7BB54001FB6E0 /* LaunchScreen.storyboard in Resources */,
				8FE8E164257B7BE000E00EDE /* maintenance.json in Resources */,
				8FDA96EE24F0C1620039EC4C /* GoogleService-Info.plist in Resources */,
				8F14BF752587159700D3ADB8 /* chat.json in Resources */,
				8F39287F25598C1D00E0BCA8 /* UsersGADTSmallTemplateView.xib in Resources */,
				8FC6A96124C7BB54001FB6E0 /* Preview Assets.xcassets in Resources */,
				8FE8E174257B7C2D00E00EDE /* attention.json in Resources */,
				8F9F48D7257C230B00A85457 /* sendEmail.json in Resources */,
				8FE8E16A257B7BE000E00EDE /* load.json in Resources */,
				8FC6A95E24C7BB54001FB6E0 /* Assets.xcassets in Resources */,
				8FE8E161257B7BE000E00EDE /* offline.json in Resources */,
				8FE8E169257B7BE000E00EDE /* checkMark.json in Resources */,
			);
			runOnlyForDeploymentPostprocessing = 0;
		};
		8FC6A96824C7BB54001FB6E0 /* Resources */ = {
			isa = PBXResourcesBuildPhase;
			buildActionMask = 2147483647;
			files = (
			);
			runOnlyForDeploymentPostprocessing = 0;
		};
		8FC6A97324C7BB54001FB6E0 /* Resources */ = {
			isa = PBXResourcesBuildPhase;
			buildActionMask = 2147483647;
			files = (
			);
			runOnlyForDeploymentPostprocessing = 0;
		};
/* End PBXResourcesBuildPhase section */

/* Begin PBXShellScriptBuildPhase section */
		8F7AB23325C764EB00A2A236 /* ShellScript */ = {
			isa = PBXShellScriptBuildPhase;
			buildActionMask = 2147483647;
			files = (
			);
			inputFileListPaths = (
			);
			inputPaths = (
			);
			outputFileListPaths = (
			);
			outputPaths = (
			);
			runOnlyForDeploymentPostprocessing = 0;
			shellPath = /bin/sh;
			shellScript = "\"${BUILD_DIR%Build/*}/SourcePackages/checkouts/firebase-ios-sdk/Crashlytics/run\"\n";
		};
/* End PBXShellScriptBuildPhase section */

/* Begin PBXSourcesBuildPhase section */
		8FC6A94D24C7BB50001FB6E0 /* Sources */ = {
			isa = PBXSourcesBuildPhase;
			buildActionMask = 2147483647;
			files = (
				8FC6A9DB24C7CD80001FB6E0 /* MessageListView.swift in Sources */,
				8FC6A9D024C7CD80001FB6E0 /* BuddiesView.swift in Sources */,
				8F41765A25B681C400FDE0A3 /* CommentLikesView.swift in Sources */,
				8FBD4AC2252828F300D0DDCA /* TabsView.swift in Sources */,
				8FC6A9CA24C7CD80001FB6E0 /* ProfileView.swift in Sources */,
				8F12B65D25CA2E130011749A /* CommentPreviewView.swift in Sources */,
				8FC6A9D524C7CD80001FB6E0 /* SetProfileView.swift in Sources */,
				8F8F2B482527366E00F76A55 /* MaintenanceView.swift in Sources */,
				8F933498255FC3E600837848 /* ActivityIndicatorView.swift in Sources */,
				8FD43CDB2579E2C9007F6678 /* Reachability.swift in Sources */,
				8FC8689E25BD580C00957332 /* NotificationView.swift in Sources */,
				8F066516257B20AA000578C6 /* SimpleView.swift in Sources */,
				8F32AE3B257D9F7C00609DD1 /* ConfirmationView.swift in Sources */,
				8F5B2B07255B837F0045599C /* TagsView.swift in Sources */,
				8F6211C4255DC18200D55B50 /* WelcomeView.swift in Sources */,
				8F26E3C025CD9BD700EE4CB1 /* ColoredButton.swift in Sources */,
				8F41765525B67F4D00FDE0A3 /* CommentHeartView.swift in Sources */,
				8FC6A9E024C7CD80001FB6E0 /* ChatView.swift in Sources */,
				8F0D8AD92518D02500058A46 /* KeyboardDetector.swift in Sources */,
				8FE3802525642A8300E8424F /* csBuddiesApp.swift in Sources */,
				8FE57A11257575A000C96E8B /* RequestNewUsernameView.swift in Sources */,
				8FEEAB7E25AD9E88006323AA /* CommentView.swift in Sources */,
				8FC6A9F824C7CD81001FB6E0 /* BlockedUsersView.swift in Sources */,
				8F431A682561BB4E00566967 /* BuddiesFilterAgeView.swift in Sources */,
				8F42243C25AE6ECC00E0AE13 /* CommentWriteView.swift in Sources */,
				8FC6A9DE24C7CD80001FB6E0 /* MessageView.swift in Sources */,
				8FE3802A25642ABD00E8424F /* Persistence.swift in Sources */,
				8F070C7525872E790087614E /* AttributionView.swift in Sources */,
				8F4AB39F25CD9E6F003071A9 /* InterestsButtonDisabledView.swift in Sources */,
				8F26E3BB25CD9B7200EE4CB1 /* BackButton.swift in Sources */,
				8F7C9695257382C700788E7B /* TruncatedText.swift in Sources */,
				8FC6A9C924C7CD80001FB6E0 /* ProfileEditView.swift in Sources */,
				8F9BC4402565568700206650 /* DeleteAccountView.swift in Sources */,
				8FC6A9D624C7CD80001FB6E0 /* TypeIntroView.swift in Sources */,
				8FC6A9D224C7CD80001FB6E0 /* LoadingView.swift in Sources */,
				8F39288125598C1D00E0BCA8 /* BytesGADTSmallTemplateView.m in Sources */,
				8F769D242562119F00351A3A /* BetterTextEditor.swift in Sources */,
				8FC6A9D324C7CD80001FB6E0 /* UpdateView.swift in Sources */,
				8FC6A9F624C7CD81001FB6E0 /* NavigationLinkBorderless.swift in Sources */,
				8FC057C724E972080058AA63 /* ReportView.swift in Sources */,
				8FC6A9F724C7CD81001FB6E0 /* WebView.swift in Sources */,
				8F32877E2565810A00F2DE15 /* ByteWriteView.swift in Sources */,
				8FC6A9CC24C7CD80001FB6E0 /* BuddiesFilterView.swift in Sources */,
				8FD80D2625D2BFCC004F88BE /* SignOutView.swift in Sources */,
				8FD80D1E25D2BE7C004F88BE /* DisableAccountView.swift in Sources */,
				8FC0F3B52559387500298B0F /* TypeEmailView.swift in Sources */,
				8FC6A9D924C7CD80001FB6E0 /* MessageInputView.swift in Sources */,
				8F32877D2565810A00F2DE15 /* BytesView.swift in Sources */,
				8F85F819256EABC800FE8348 /* AboutView.swift in Sources */,
				8FC6A9D824C7CD80001FB6E0 /* AppDelegate.swift in Sources */,
				8FEEAB7325AD8785006323AA /* BytePostView.swift in Sources */,
				8FF3F1F1256F2D08008474BB /* NavigationLinkEmpty.swift in Sources */,
				8F39287E25598C1D00E0BCA8 /* UsersGADTSmallTemplateView.m in Sources */,
				8F1C4A4A25CD74A600156A34 /* InfiniteScrollView.swift in Sources */,
				8FC6A9CF24C7CD80001FB6E0 /* UserView.swift in Sources */,
				8FD43CA22579C1FC007F6678 /* LottieView.swift in Sources */,
				8FE0D3A9254CCDB70088A8AB /* SmallImageView.swift in Sources */,
				8F39288025598C1D00E0BCA8 /* UsersGADTTemplateView.m in Sources */,
				8F38763D25BF933300DBEB22 /* BytesFilterView.swift in Sources */,
				8F1B5FB5254FB752009C402B /* BigImageView.swift in Sources */,
				8F2BFF8624F18E8F00F87BB8 /* AdmobNativeAds.swift in Sources */,
				8F85F80E256EA41C00FE8348 /* AccountView.swift in Sources */,
				8FBD011E25D3D0DD005F42F7 /* RadioButton.swift in Sources */,
				8F1B5FBD254FD2A1009C402B /* UserProfileView.swift in Sources */,
				8F12B5D425C791E80011749A /* AnnouncementView.swift in Sources */,
				8FCFB90D255D7CA500999FA8 /* InterestsButtonEnabledView.swift in Sources */,
				8F5B2B0F255BBAC70045599C /* InterestsView.swift in Sources */,
				8FC6A9DA24C7CD80001FB6E0 /* ChatRoomPreviewView.swift in Sources */,
				8FC6A9F924C7CD81001FB6E0 /* SettingsView.swift in Sources */,
				8F32877B2565810A00F2DE15 /* ByteLikesView.swift in Sources */,
				8FC702FD257C70AC00D5641B /* Refresh.swift in Sources */,
				8FE70FFD254C434200186AE2 /* PinchZoomView.swift in Sources */,
				8FC6A9D724C7CD80001FB6E0 /* AppView.swift in Sources */,
				8FC6A9CE24C7CD80001FB6E0 /* UserPreviewView.swift in Sources */,
				8F12B66225CA30710011749A /* BytePreviewView.swift in Sources */,
				8FEEAB6E25AD84D0006323AA /* ByteView.swift in Sources */,
				8F39288325598C1D00E0BCA8 /* BytesGADTTemplateView.m in Sources */,
				8F26E3CB25CD9C2700EE4CB1 /* FloatingActionButton.swift in Sources */,
				8FC0F3BD255938A200298B0F /* EmailConfirmationView.swift in Sources */,
				8F621934253AF1F600D4AFAB /* NavigationLinkNoArrow.swift in Sources */,
				8FC9921525B2C9DF00EFBF1B /* ByteHeartView.swift in Sources */,
				8F1B5FAD254F99C4009C402B /* SlidingTabView.swift in Sources */,
				8FC6A9DF24C7CD80001FB6E0 /* ChatRoomView.swift in Sources */,
				8FD43CEC2579E86A007F6678 /* OfflineView.swift in Sources */,
				8FC6A9D424C7CD80001FB6E0 /* SetInterestsView.swift in Sources */,
				8FC6A95A24C7BB50001FB6E0 /* csBuddies.xcdatamodeld in Sources */,
				8FCFB905255D598700999FA8 /* JoinStepper.swift in Sources */,
				8F11A20225B9A19A0021E82D /* InboxView.swift in Sources */,
				8FC6A9E124C7CD80001FB6E0 /* Global.swift in Sources */,
				8F18F4F724E0753700D9E524 /* ImagePickerView.swift in Sources */,
			);
			runOnlyForDeploymentPostprocessing = 0;
		};
		8FC6A96624C7BB54001FB6E0 /* Sources */ = {
			isa = PBXSourcesBuildPhase;
			buildActionMask = 2147483647;
			files = (
				8FC6A96F24C7BB54001FB6E0 /* csBuddiesTests.swift in Sources */,
			);
			runOnlyForDeploymentPostprocessing = 0;
		};
		8FC6A97124C7BB54001FB6E0 /* Sources */ = {
			isa = PBXSourcesBuildPhase;
			buildActionMask = 2147483647;
			files = (
				8FC6A97A24C7BB54001FB6E0 /* csBuddiesUITests.swift in Sources */,
			);
			runOnlyForDeploymentPostprocessing = 0;
		};
/* End PBXSourcesBuildPhase section */

/* Begin PBXTargetDependency section */
		8FC6A96C24C7BB54001FB6E0 /* PBXTargetDependency */ = {
			isa = PBXTargetDependency;
			target = 8FC6A95024C7BB50001FB6E0 /* csBuddies */;
			targetProxy = 8FC6A96B24C7BB54001FB6E0 /* PBXContainerItemProxy */;
		};
		8FC6A97724C7BB54001FB6E0 /* PBXTargetDependency */ = {
			isa = PBXTargetDependency;
			target = 8FC6A95024C7BB50001FB6E0 /* csBuddies */;
			targetProxy = 8FC6A97624C7BB54001FB6E0 /* PBXContainerItemProxy */;
		};
/* End PBXTargetDependency section */

/* Begin PBXVariantGroup section */
		8FC6A96224C7BB54001FB6E0 /* LaunchScreen.storyboard */ = {
			isa = PBXVariantGroup;
			children = (
				8FC6A96324C7BB54001FB6E0 /* Base */,
			);
			name = LaunchScreen.storyboard;
			sourceTree = "<group>";
		};
/* End PBXVariantGroup section */

/* Begin XCBuildConfiguration section */
		8FC6A97C24C7BB54001FB6E0 /* Debug */ = {
			isa = XCBuildConfiguration;
			buildSettings = {
				ALWAYS_SEARCH_USER_PATHS = NO;
				CLANG_ANALYZER_NONNULL = YES;
				CLANG_ANALYZER_NUMBER_OBJECT_CONVERSION = YES_AGGRESSIVE;
				CLANG_CXX_LANGUAGE_STANDARD = "gnu++14";
				CLANG_CXX_LIBRARY = "libc++";
				CLANG_ENABLE_MODULES = YES;
				CLANG_ENABLE_OBJC_ARC = YES;
				CLANG_ENABLE_OBJC_WEAK = YES;
				CLANG_WARN_BLOCK_CAPTURE_AUTORELEASING = YES;
				CLANG_WARN_BOOL_CONVERSION = YES;
				CLANG_WARN_COMMA = YES;
				CLANG_WARN_CONSTANT_CONVERSION = YES;
				CLANG_WARN_DEPRECATED_OBJC_IMPLEMENTATIONS = YES;
				CLANG_WARN_DIRECT_OBJC_ISA_USAGE = YES_ERROR;
				CLANG_WARN_DOCUMENTATION_COMMENTS = YES;
				CLANG_WARN_EMPTY_BODY = YES;
				CLANG_WARN_ENUM_CONVERSION = YES;
				CLANG_WARN_INFINITE_RECURSION = YES;
				CLANG_WARN_INT_CONVERSION = YES;
				CLANG_WARN_NON_LITERAL_NULL_CONVERSION = YES;
				CLANG_WARN_OBJC_IMPLICIT_RETAIN_SELF = YES;
				CLANG_WARN_OBJC_LITERAL_CONVERSION = YES;
				CLANG_WARN_OBJC_ROOT_CLASS = YES_ERROR;
				CLANG_WARN_RANGE_LOOP_ANALYSIS = YES;
				CLANG_WARN_STRICT_PROTOTYPES = YES;
				CLANG_WARN_SUSPICIOUS_MOVE = YES;
				CLANG_WARN_UNGUARDED_AVAILABILITY = YES_AGGRESSIVE;
				CLANG_WARN_UNREACHABLE_CODE = YES;
				CLANG_WARN__DUPLICATE_METHOD_MATCH = YES;
				COPY_PHASE_STRIP = NO;
				DEAD_CODE_STRIPPING = YES;
				DEBUG_INFORMATION_FORMAT = "dwarf-with-dsym";
				ENABLE_STRICT_OBJC_MSGSEND = YES;
				ENABLE_TESTABILITY = YES;
				GCC_C_LANGUAGE_STANDARD = gnu11;
				GCC_DYNAMIC_NO_PIC = NO;
				GCC_NO_COMMON_BLOCKS = YES;
				GCC_OPTIMIZATION_LEVEL = 0;
				GCC_PREPROCESSOR_DEFINITIONS = (
					"DEBUG=1",
					"$(inherited)",
				);
				GCC_WARN_64_TO_32_BIT_CONVERSION = YES;
				GCC_WARN_ABOUT_RETURN_TYPE = YES_ERROR;
				GCC_WARN_UNDECLARED_SELECTOR = YES;
				GCC_WARN_UNINITIALIZED_AUTOS = YES_AGGRESSIVE;
				GCC_WARN_UNUSED_FUNCTION = YES;
				GCC_WARN_UNUSED_VARIABLE = YES;
				IPHONEOS_DEPLOYMENT_TARGET = 14.0;
				MTL_ENABLE_DEBUG_INFO = INCLUDE_SOURCE;
				MTL_FAST_MATH = YES;
				ONLY_ACTIVE_ARCH = YES;
				SDKROOT = iphoneos;
				SWIFT_ACTIVE_COMPILATION_CONDITIONS = DEBUG;
				SWIFT_OPTIMIZATION_LEVEL = "-Onone";
			};
			name = Debug;
		};
		8FC6A97D24C7BB54001FB6E0 /* Release */ = {
			isa = XCBuildConfiguration;
			buildSettings = {
				ALWAYS_SEARCH_USER_PATHS = NO;
				CLANG_ANALYZER_NONNULL = YES;
				CLANG_ANALYZER_NUMBER_OBJECT_CONVERSION = YES_AGGRESSIVE;
				CLANG_CXX_LANGUAGE_STANDARD = "gnu++14";
				CLANG_CXX_LIBRARY = "libc++";
				CLANG_ENABLE_MODULES = YES;
				CLANG_ENABLE_OBJC_ARC = YES;
				CLANG_ENABLE_OBJC_WEAK = YES;
				CLANG_WARN_BLOCK_CAPTURE_AUTORELEASING = YES;
				CLANG_WARN_BOOL_CONVERSION = YES;
				CLANG_WARN_COMMA = YES;
				CLANG_WARN_CONSTANT_CONVERSION = YES;
				CLANG_WARN_DEPRECATED_OBJC_IMPLEMENTATIONS = YES;
				CLANG_WARN_DIRECT_OBJC_ISA_USAGE = YES_ERROR;
				CLANG_WARN_DOCUMENTATION_COMMENTS = YES;
				CLANG_WARN_EMPTY_BODY = YES;
				CLANG_WARN_ENUM_CONVERSION = YES;
				CLANG_WARN_INFINITE_RECURSION = YES;
				CLANG_WARN_INT_CONVERSION = YES;
				CLANG_WARN_NON_LITERAL_NULL_CONVERSION = YES;
				CLANG_WARN_OBJC_IMPLICIT_RETAIN_SELF = YES;
				CLANG_WARN_OBJC_LITERAL_CONVERSION = YES;
				CLANG_WARN_OBJC_ROOT_CLASS = YES_ERROR;
				CLANG_WARN_RANGE_LOOP_ANALYSIS = YES;
				CLANG_WARN_STRICT_PROTOTYPES = YES;
				CLANG_WARN_SUSPICIOUS_MOVE = YES;
				CLANG_WARN_UNGUARDED_AVAILABILITY = YES_AGGRESSIVE;
				CLANG_WARN_UNREACHABLE_CODE = YES;
				CLANG_WARN__DUPLICATE_METHOD_MATCH = YES;
				COPY_PHASE_STRIP = NO;
				DEAD_CODE_STRIPPING = YES;
				DEBUG_INFORMATION_FORMAT = "dwarf-with-dsym";
				ENABLE_NS_ASSERTIONS = NO;
				ENABLE_STRICT_OBJC_MSGSEND = YES;
				GCC_C_LANGUAGE_STANDARD = gnu11;
				GCC_NO_COMMON_BLOCKS = YES;
				GCC_WARN_64_TO_32_BIT_CONVERSION = YES;
				GCC_WARN_ABOUT_RETURN_TYPE = YES_ERROR;
				GCC_WARN_UNDECLARED_SELECTOR = YES;
				GCC_WARN_UNINITIALIZED_AUTOS = YES_AGGRESSIVE;
				GCC_WARN_UNUSED_FUNCTION = YES;
				GCC_WARN_UNUSED_VARIABLE = YES;
				IPHONEOS_DEPLOYMENT_TARGET = 14.0;
				MTL_ENABLE_DEBUG_INFO = NO;
				MTL_FAST_MATH = YES;
				SDKROOT = iphoneos;
				SWIFT_COMPILATION_MODE = wholemodule;
				SWIFT_OPTIMIZATION_LEVEL = "-O";
				VALIDATE_PRODUCT = YES;
			};
			name = Release;
		};
		8FC6A97F24C7BB54001FB6E0 /* Debug */ = {
			isa = XCBuildConfiguration;
			buildSettings = {
				ASSETCATALOG_COMPILER_APPICON_NAME = AppIcon;
				CLANG_ENABLE_MODULES = YES;
				CODE_SIGN_ENTITLEMENTS = csBuddies/csBuddies.entitlements;
				CODE_SIGN_IDENTITY = "Apple Development";
				"CODE_SIGN_IDENTITY[sdk=macosx*]" = "Apple Development";
				CODE_SIGN_STYLE = Automatic;
				CURRENT_PROJECT_VERSION = 21;
				DEAD_CODE_STRIPPING = YES;
				DEBUG_INFORMATION_FORMAT = "dwarf-with-dsym";
				DEVELOPMENT_ASSET_PATHS = "\"csBuddies/Preview Content\"";
				DEVELOPMENT_TEAM = 9P4X6V9RQ5;
				ENABLE_PREVIEWS = YES;
				FRAMEWORK_SEARCH_PATHS = (
					"$(inherited)",
					"$(PROJECT_DIR)",
				);
				GCC_NO_COMMON_BLOCKS = YES;
				INFOPLIST_FILE = csBuddies/Info.plist;
				LD_RUNPATH_SEARCH_PATHS = (
					"$(inherited)",
					"@executable_path/Frameworks",
				);
				LIBRARY_SEARCH_PATHS = (
					"$(inherited)",
					"$(PROJECT_DIR)/csBuddies/Toolkit",
				);
				MARKETING_VERSION = 4.0.0;
				OTHER_LDFLAGS = "-ObjC";
				PRODUCT_BUNDLE_IDENTIFIER = com.harrycha.csBuddies;
				PRODUCT_NAME = "$(TARGET_NAME)";
				PROVISIONING_PROFILE_SPECIFIER = "";
				"PROVISIONING_PROFILE_SPECIFIER[sdk=macosx*]" = "";
				SUPPORTS_MACCATALYST = NO;
				SWIFT_OBJC_BRIDGING_HEADER = "csBuddies/csBuddies-Bridging-Header.h";
				SWIFT_OPTIMIZATION_LEVEL = "-Onone";
				SWIFT_VERSION = 5.0;
				TARGETED_DEVICE_FAMILY = "1,2";
			};
			name = Debug;
		};
		8FC6A98024C7BB54001FB6E0 /* Release */ = {
			isa = XCBuildConfiguration;
			buildSettings = {
				ASSETCATALOG_COMPILER_APPICON_NAME = AppIcon;
				CLANG_ENABLE_MODULES = YES;
				CODE_SIGN_ENTITLEMENTS = csBuddies/csBuddies.entitlements;
				CODE_SIGN_IDENTITY = "Apple Development";
				"CODE_SIGN_IDENTITY[sdk=macosx*]" = "Apple Development";
				CODE_SIGN_STYLE = Automatic;
				CURRENT_PROJECT_VERSION = 21;
				DEAD_CODE_STRIPPING = YES;
				DEVELOPMENT_ASSET_PATHS = "\"csBuddies/Preview Content\"";
				DEVELOPMENT_TEAM = 9P4X6V9RQ5;
				ENABLE_PREVIEWS = YES;
				FRAMEWORK_SEARCH_PATHS = (
					"$(inherited)",
					"$(PROJECT_DIR)",
				);
				GCC_NO_COMMON_BLOCKS = YES;
				INFOPLIST_FILE = csBuddies/Info.plist;
				LD_RUNPATH_SEARCH_PATHS = (
					"$(inherited)",
					"@executable_path/Frameworks",
				);
				LIBRARY_SEARCH_PATHS = (
					"$(inherited)",
					"$(PROJECT_DIR)/csBuddies/Toolkit",
				);
				MARKETING_VERSION = 4.0.0;
				OTHER_LDFLAGS = "-ObjC";
				PRODUCT_BUNDLE_IDENTIFIER = com.harrycha.csBuddies;
				PRODUCT_NAME = "$(TARGET_NAME)";
				PROVISIONING_PROFILE_SPECIFIER = "";
				"PROVISIONING_PROFILE_SPECIFIER[sdk=macosx*]" = "";
				SUPPORTS_MACCATALYST = NO;
				SWIFT_OBJC_BRIDGING_HEADER = "csBuddies/csBuddies-Bridging-Header.h";
				SWIFT_VERSION = 5.0;
				TARGETED_DEVICE_FAMILY = "1,2";
			};
			name = Release;
		};
		8FC6A98224C7BB54001FB6E0 /* Debug */ = {
			isa = XCBuildConfiguration;
			buildSettings = {
				ALWAYS_EMBED_SWIFT_STANDARD_LIBRARIES = YES;
				BUNDLE_LOADER = "$(TEST_HOST)";
				CODE_SIGN_STYLE = Automatic;
				DEVELOPMENT_TEAM = 9P4X6V9RQ5;
				INFOPLIST_FILE = csBuddiesTests/Info.plist;
				IPHONEOS_DEPLOYMENT_TARGET = 13.5;
				LD_RUNPATH_SEARCH_PATHS = (
					"$(inherited)",
					"@executable_path/Frameworks",
					"@loader_path/Frameworks",
				);
				PRODUCT_BUNDLE_IDENTIFIER = com.harrycha.csBuddiesTests;
				PRODUCT_NAME = "$(TARGET_NAME)";
				SWIFT_VERSION = 5.0;
				TARGETED_DEVICE_FAMILY = "1,2";
				TEST_HOST = "$(BUILT_PRODUCTS_DIR)/csBuddies.app/csBuddies";
			};
			name = Debug;
		};
		8FC6A98324C7BB54001FB6E0 /* Release */ = {
			isa = XCBuildConfiguration;
			buildSettings = {
				ALWAYS_EMBED_SWIFT_STANDARD_LIBRARIES = YES;
				BUNDLE_LOADER = "$(TEST_HOST)";
				CODE_SIGN_STYLE = Automatic;
				DEVELOPMENT_TEAM = 9P4X6V9RQ5;
				INFOPLIST_FILE = csBuddiesTests/Info.plist;
				IPHONEOS_DEPLOYMENT_TARGET = 13.5;
				LD_RUNPATH_SEARCH_PATHS = (
					"$(inherited)",
					"@executable_path/Frameworks",
					"@loader_path/Frameworks",
				);
				PRODUCT_BUNDLE_IDENTIFIER = com.harrycha.csBuddiesTests;
				PRODUCT_NAME = "$(TARGET_NAME)";
				SWIFT_VERSION = 5.0;
				TARGETED_DEVICE_FAMILY = "1,2";
				TEST_HOST = "$(BUILT_PRODUCTS_DIR)/csBuddies.app/csBuddies";
			};
			name = Release;
		};
		8FC6A98524C7BB54001FB6E0 /* Debug */ = {
			isa = XCBuildConfiguration;
			buildSettings = {
				ALWAYS_EMBED_SWIFT_STANDARD_LIBRARIES = YES;
				CODE_SIGN_STYLE = Automatic;
				DEVELOPMENT_TEAM = 9P4X6V9RQ5;
				INFOPLIST_FILE = csBuddiesUITests/Info.plist;
				LD_RUNPATH_SEARCH_PATHS = (
					"$(inherited)",
					"@executable_path/Frameworks",
					"@loader_path/Frameworks",
				);
				PRODUCT_BUNDLE_IDENTIFIER = com.harrycha.csBuddiesUITests;
				PRODUCT_NAME = "$(TARGET_NAME)";
				SWIFT_VERSION = 5.0;
				TARGETED_DEVICE_FAMILY = "1,2";
				TEST_TARGET_NAME = csBuddies;
			};
			name = Debug;
		};
		8FC6A98624C7BB54001FB6E0 /* Release */ = {
			isa = XCBuildConfiguration;
			buildSettings = {
				ALWAYS_EMBED_SWIFT_STANDARD_LIBRARIES = YES;
				CODE_SIGN_STYLE = Automatic;
				DEVELOPMENT_TEAM = 9P4X6V9RQ5;
				INFOPLIST_FILE = csBuddiesUITests/Info.plist;
				LD_RUNPATH_SEARCH_PATHS = (
					"$(inherited)",
					"@executable_path/Frameworks",
					"@loader_path/Frameworks",
				);
				PRODUCT_BUNDLE_IDENTIFIER = com.harrycha.csBuddiesUITests;
				PRODUCT_NAME = "$(TARGET_NAME)";
				SWIFT_VERSION = 5.0;
				TARGETED_DEVICE_FAMILY = "1,2";
				TEST_TARGET_NAME = csBuddies;
			};
			name = Release;
		};
/* End XCBuildConfiguration section */

/* Begin XCConfigurationList section */
		8FC6A94C24C7BB50001FB6E0 /* Build configuration list for PBXProject "csBuddies" */ = {
			isa = XCConfigurationList;
			buildConfigurations = (
				8FC6A97C24C7BB54001FB6E0 /* Debug */,
				8FC6A97D24C7BB54001FB6E0 /* Release */,
			);
			defaultConfigurationIsVisible = 0;
			defaultConfigurationName = Release;
		};
		8FC6A97E24C7BB54001FB6E0 /* Build configuration list for PBXNativeTarget "csBuddies" */ = {
			isa = XCConfigurationList;
			buildConfigurations = (
				8FC6A97F24C7BB54001FB6E0 /* Debug */,
				8FC6A98024C7BB54001FB6E0 /* Release */,
			);
			defaultConfigurationIsVisible = 0;
			defaultConfigurationName = Release;
		};
		8FC6A98124C7BB54001FB6E0 /* Build configuration list for PBXNativeTarget "csBuddiesTests" */ = {
			isa = XCConfigurationList;
			buildConfigurations = (
				8FC6A98224C7BB54001FB6E0 /* Debug */,
				8FC6A98324C7BB54001FB6E0 /* Release */,
			);
			defaultConfigurationIsVisible = 0;
			defaultConfigurationName = Release;
		};
		8FC6A98424C7BB54001FB6E0 /* Build configuration list for PBXNativeTarget "csBuddiesUITests" */ = {
			isa = XCConfigurationList;
			buildConfigurations = (
				8FC6A98524C7BB54001FB6E0 /* Debug */,
				8FC6A98624C7BB54001FB6E0 /* Release */,
			);
			defaultConfigurationIsVisible = 0;
			defaultConfigurationName = Release;
		};
/* End XCConfigurationList section */

/* Begin XCRemoteSwiftPackageReference section */
		8FA9A11A25558C620035FE84 /* XCRemoteSwiftPackageReference "firebase-ios-sdk" */ = {
			isa = XCRemoteSwiftPackageReference;
			repositoryURL = "https://github.com/firebase/firebase-ios-sdk.git";
			requirement = {
				kind = upToNextMajorVersion;
				minimumVersion = 7.0.0;
			};
		};
		8FA9A12825558EF90035FE84 /* XCRemoteSwiftPackageReference "TrueTime.swift" */ = {
			isa = XCRemoteSwiftPackageReference;
			repositoryURL = "https://github.com/jay18001/TrueTime.swift.git";
			requirement = {
				branch = master;
				kind = branch;
			};
		};
		8FA9A13425558FFA0035FE84 /* XCRemoteSwiftPackageReference "SwiftUI-Introspect" */ = {
			isa = XCRemoteSwiftPackageReference;
			repositoryURL = "https://github.com/siteline/SwiftUI-Introspect.git";
			requirement = {
				kind = upToNextMajorVersion;
				minimumVersion = 0.1.1;
			};
		};
		8FCFB8F1255D464200999FA8 /* XCRemoteSwiftPackageReference "StepperView" */ = {
			isa = XCRemoteSwiftPackageReference;
			repositoryURL = "https://github.com/badrinathvm/StepperView.git";
			requirement = {
				kind = upToNextMajorVersion;
				minimumVersion = 1.5.2;
			};
		};
		8FD43CA62579C263007F6678 /* XCRemoteSwiftPackageReference "lottie-ios" */ = {
			isa = XCRemoteSwiftPackageReference;
			repositoryURL = "https://github.com/airbnb/lottie-ios";
			requirement = {
				kind = upToNextMajorVersion;
				minimumVersion = 3.1.9;
			};
		};
/* End XCRemoteSwiftPackageReference section */

/* Begin XCSwiftPackageProductDependency section */
		8F7AB24325C768CA00A2A236 /* FirebaseCrashlytics */ = {
			isa = XCSwiftPackageProductDependency;
			package = 8FA9A11A25558C620035FE84 /* XCRemoteSwiftPackageReference "firebase-ios-sdk" */;
			productName = FirebaseCrashlytics;
		};
		8FA9A11B25558C620035FE84 /* FirebaseAnalytics */ = {
			isa = XCSwiftPackageProductDependency;
			package = 8FA9A11A25558C620035FE84 /* XCRemoteSwiftPackageReference "firebase-ios-sdk" */;
			productName = FirebaseAnalytics;
		};
		8FA9A11F25558C620035FE84 /* FirebaseMessaging */ = {
			isa = XCSwiftPackageProductDependency;
			package = 8FA9A11A25558C620035FE84 /* XCRemoteSwiftPackageReference "firebase-ios-sdk" */;
			productName = FirebaseMessaging;
		};
		8FA9A12125558C620035FE84 /* FirebaseAuth */ = {
			isa = XCSwiftPackageProductDependency;
			package = 8FA9A11A25558C620035FE84 /* XCRemoteSwiftPackageReference "firebase-ios-sdk" */;
			productName = FirebaseAuth;
		};
		8FA9A12325558C620035FE84 /* FirebaseFirestore */ = {
			isa = XCSwiftPackageProductDependency;
			package = 8FA9A11A25558C620035FE84 /* XCRemoteSwiftPackageReference "firebase-ios-sdk" */;
			productName = FirebaseFirestore;
		};
		8FA9A12925558EF90035FE84 /* TrueTime */ = {
			isa = XCSwiftPackageProductDependency;
			package = 8FA9A12825558EF90035FE84 /* XCRemoteSwiftPackageReference "TrueTime.swift" */;
			productName = TrueTime;
		};
		8FA9A13525558FFA0035FE84 /* Introspect */ = {
			isa = XCSwiftPackageProductDependency;
			package = 8FA9A13425558FFA0035FE84 /* XCRemoteSwiftPackageReference "SwiftUI-Introspect" */;
			productName = Introspect;
		};
		8FCFB8F2255D464200999FA8 /* StepperView */ = {
			isa = XCSwiftPackageProductDependency;
			package = 8FCFB8F1255D464200999FA8 /* XCRemoteSwiftPackageReference "StepperView" */;
			productName = StepperView;
		};
		8FD43CA72579C264007F6678 /* Lottie */ = {
			isa = XCSwiftPackageProductDependency;
			package = 8FD43CA62579C263007F6678 /* XCRemoteSwiftPackageReference "lottie-ios" */;
			productName = Lottie;
		};
/* End XCSwiftPackageProductDependency section */

/* Begin XCVersionGroup section */
		8FC6A95824C7BB50001FB6E0 /* csBuddies.xcdatamodeld */ = {
			isa = XCVersionGroup;
			children = (
				8FC6A95924C7BB50001FB6E0 /* csBuddies.xcdatamodel */,
			);
			currentVersion = 8FC6A95924C7BB50001FB6E0 /* csBuddies.xcdatamodel */;
			path = csBuddies.xcdatamodeld;
			sourceTree = "<group>";
			versionGroupType = wrapper.xcdatamodel;
		};
/* End XCVersionGroup section */
	};
	rootObject = 8FC6A94924C7BB50001FB6E0 /* Project object */;
}
